// !$*UTF8*$!
{
	archiveVersion = 1;
	classes = {
	};
	objectVersion = 51;
	objects = {

/* Begin PBXBuildFile section */
		784386E8492F34958F87E367 /* Pods_UnlimintSDK_Demo.framework in Frameworks */ = {isa = PBXBuildFile; fileRef = D920A76945AE69621ADC7FF7 /* Pods_UnlimintSDK_Demo.framework */; };
		EBAB8F9C257674BB0058FA71 /* AppDelegate.swift in Sources */ = {isa = PBXBuildFile; fileRef = EBAB8F9B257674BB0058FA71 /* AppDelegate.swift */; };
		EBAB8F9E257674BB0058FA71 /* SceneDelegate.swift in Sources */ = {isa = PBXBuildFile; fileRef = EBAB8F9D257674BB0058FA71 /* SceneDelegate.swift */; };
		EBAB8FA0257674BB0058FA71 /* ViewController.swift in Sources */ = {isa = PBXBuildFile; fileRef = EBAB8F9F257674BB0058FA71 /* ViewController.swift */; };
		EBAB8FA3257674BB0058FA71 /* Main.storyboard in Resources */ = {isa = PBXBuildFile; fileRef = EBAB8FA1257674BB0058FA71 /* Main.storyboard */; };
		EBAB8FA5257674BB0058FA71 /* Assets.xcassets in Resources */ = {isa = PBXBuildFile; fileRef = EBAB8FA4257674BB0058FA71 /* Assets.xcassets */; };
		EBAB8FA8257674BB0058FA71 /* LaunchScreen.storyboard in Resources */ = {isa = PBXBuildFile; fileRef = EBAB8FA6257674BB0058FA71 /* LaunchScreen.storyboard */; };
		EBAB8FB3257675BC0058FA71 /* Endpoints.swift in Sources */ = {isa = PBXBuildFile; fileRef = EBAB8FB2257675BC0058FA71 /* Endpoints.swift */; };
		EBAB8FBD257676340058FA71 /* AuthorizationProvider.swift in Sources */ = {isa = PBXBuildFile; fileRef = EBAB8FBC257676340058FA71 /* AuthorizationProvider.swift */; };
/* End PBXBuildFile section */

/* Begin PBXFileReference section */
		4DFB0DDBE67645DF244F27ED /* Pods-UnlimintSDK-Demo.release.xcconfig */ = {isa = PBXFileReference; includeInIndex = 1; lastKnownFileType = text.xcconfig; name = "Pods-UnlimintSDK-Demo.release.xcconfig"; path = "Target Support Files/Pods-UnlimintSDK-Demo/Pods-UnlimintSDK-Demo.release.xcconfig"; sourceTree = "<group>"; };
		D920A76945AE69621ADC7FF7 /* Pods_UnlimintSDK_Demo.framework */ = {isa = PBXFileReference; explicitFileType = wrapper.framework; includeInIndex = 0; path = Pods_UnlimintSDK_Demo.framework; sourceTree = BUILT_PRODUCTS_DIR; };
		E0A5E2251CF6A7E1F7A76C9A /* Pods-UnlimintSDK-Demo.debug.xcconfig */ = {isa = PBXFileReference; includeInIndex = 1; lastKnownFileType = text.xcconfig; name = "Pods-UnlimintSDK-Demo.debug.xcconfig"; path = "Target Support Files/Pods-UnlimintSDK-Demo/Pods-UnlimintSDK-Demo.debug.xcconfig"; sourceTree = "<group>"; };
		EBAB8F98257674BB0058FA71 /* UnlimintSDK-Demo.app */ = {isa = PBXFileReference; explicitFileType = wrapper.application; includeInIndex = 0; path = "UnlimintSDK-Demo.app"; sourceTree = BUILT_PRODUCTS_DIR; };
		EBAB8F9B257674BB0058FA71 /* AppDelegate.swift */ = {isa = PBXFileReference; lastKnownFileType = sourcecode.swift; path = AppDelegate.swift; sourceTree = "<group>"; };
		EBAB8F9D257674BB0058FA71 /* SceneDelegate.swift */ = {isa = PBXFileReference; lastKnownFileType = sourcecode.swift; path = SceneDelegate.swift; sourceTree = "<group>"; };
		EBAB8F9F257674BB0058FA71 /* ViewController.swift */ = {isa = PBXFileReference; lastKnownFileType = sourcecode.swift; path = ViewController.swift; sourceTree = "<group>"; };
		EBAB8FA2257674BB0058FA71 /* Base */ = {isa = PBXFileReference; lastKnownFileType = file.storyboard; name = Base; path = Base.lproj/Main.storyboard; sourceTree = "<group>"; };
		EBAB8FA4257674BB0058FA71 /* Assets.xcassets */ = {isa = PBXFileReference; lastKnownFileType = folder.assetcatalog; path = Assets.xcassets; sourceTree = "<group>"; };
		EBAB8FA7257674BB0058FA71 /* Base */ = {isa = PBXFileReference; lastKnownFileType = file.storyboard; name = Base; path = Base.lproj/LaunchScreen.storyboard; sourceTree = "<group>"; };
		EBAB8FA9257674BB0058FA71 /* Info.plist */ = {isa = PBXFileReference; lastKnownFileType = text.plist.xml; path = Info.plist; sourceTree = "<group>"; };
		EBAB8FB2257675BC0058FA71 /* Endpoints.swift */ = {isa = PBXFileReference; lastKnownFileType = sourcecode.swift; path = Endpoints.swift; sourceTree = "<group>"; };
		EBAB8FBC257676340058FA71 /* AuthorizationProvider.swift */ = {isa = PBXFileReference; lastKnownFileType = sourcecode.swift; path = AuthorizationProvider.swift; sourceTree = "<group>"; };
/* End PBXFileReference section */

/* Begin PBXFrameworksBuildPhase section */
		EBAB8F95257674BB0058FA71 /* Frameworks */ = {
			isa = PBXFrameworksBuildPhase;
			buildActionMask = 2147483647;
			files = (
				784386E8492F34958F87E367 /* Pods_UnlimintSDK_Demo.framework in Frameworks */,
			);
			runOnlyForDeploymentPostprocessing = 0;
		};
/* End PBXFrameworksBuildPhase section */

/* Begin PBXGroup section */
		70892FBDED2289B195C9EF98 /* Frameworks */ = {
			isa = PBXGroup;
			children = (
				D920A76945AE69621ADC7FF7 /* Pods_UnlimintSDK_Demo.framework */,
			);
			name = Frameworks;
			sourceTree = "<group>";
		};
		94CA20BFF06DD2ED143A96B3 /* Pods */ = {
			isa = PBXGroup;
			children = (
				E0A5E2251CF6A7E1F7A76C9A /* Pods-UnlimintSDK-Demo.debug.xcconfig */,
				4DFB0DDBE67645DF244F27ED /* Pods-UnlimintSDK-Demo.release.xcconfig */,
			);
			path = Pods;
			sourceTree = "<group>";
		};
		EBAB8F8F257674BA0058FA71 = {
			isa = PBXGroup;
			children = (
				EBAB8F9A257674BB0058FA71 /* UnlimintSDK-Demo */,
				EBAB8F99257674BB0058FA71 /* Products */,
				94CA20BFF06DD2ED143A96B3 /* Pods */,
				70892FBDED2289B195C9EF98 /* Frameworks */,
			);
			sourceTree = "<group>";
		};
		EBAB8F99257674BB0058FA71 /* Products */ = {
			isa = PBXGroup;
			children = (
				EBAB8F98257674BB0058FA71 /* UnlimintSDK-Demo.app */,
			);
			name = Products;
			sourceTree = "<group>";
		};
		EBAB8F9A257674BB0058FA71 /* UnlimintSDK-Demo */ = {
			isa = PBXGroup;
			children = (
				EBAB8FB1257675A90058FA71 /* Network */,
				EBAB8F9B257674BB0058FA71 /* AppDelegate.swift */,
				EBAB8F9D257674BB0058FA71 /* SceneDelegate.swift */,
				EBAB8F9F257674BB0058FA71 /* ViewController.swift */,
				EBAB8FA1257674BB0058FA71 /* Main.storyboard */,
				EBAB8FA4257674BB0058FA71 /* Assets.xcassets */,
				EBAB8FA6257674BB0058FA71 /* LaunchScreen.storyboard */,
				EBAB8FA9257674BB0058FA71 /* Info.plist */,
			);
			path = "UnlimintSDK-Demo";
			sourceTree = "<group>";
		};
		EBAB8FB1257675A90058FA71 /* Network */ = {
			isa = PBXGroup;
			children = (
				EBAB8FB2257675BC0058FA71 /* Endpoints.swift */,
				EBAB8FBC257676340058FA71 /* AuthorizationProvider.swift */,
			);
			path = Network;
			sourceTree = "<group>";
		};
/* End PBXGroup section */

/* Begin PBXNativeTarget section */
		EBAB8F97257674BB0058FA71 /* UnlimintSDK-Demo */ = {
			isa = PBXNativeTarget;
			buildConfigurationList = EBAB8FAC257674BB0058FA71 /* Build configuration list for PBXNativeTarget "UnlimintSDK-Demo" */;
			buildPhases = (
				994360DFAE95E6ADAE3110EA /* [CP] Check Pods Manifest.lock */,
				EBAB8F94257674BB0058FA71 /* Sources */,
				EBAB8F95257674BB0058FA71 /* Frameworks */,
				EBAB8F96257674BB0058FA71 /* Resources */,
				A2C0B33C79CA9B3E5D43D505 /* [CP] Embed Pods Frameworks */,
			);
			buildRules = (
			);
			dependencies = (
			);
			name = "UnlimintSDK-Demo";
			productName = "UnlimintSDK-Demo";
			productReference = EBAB8F98257674BB0058FA71 /* UnlimintSDK-Demo.app */;
			productType = "com.apple.product-type.application";
		};
/* End PBXNativeTarget section */

/* Begin PBXProject section */
		EBAB8F90257674BA0058FA71 /* Project object */ = {
			isa = PBXProject;
			attributes = {
				LastSwiftUpdateCheck = 1220;
				LastUpgradeCheck = 1220;
				TargetAttributes = {
					EBAB8F97257674BB0058FA71 = {
						CreatedOnToolsVersion = 12.2;
					};
				};
			};
			buildConfigurationList = EBAB8F93257674BA0058FA71 /* Build configuration list for PBXProject "UnlimintSDK-Demo" */;
			compatibilityVersion = "Xcode 9.3";
			developmentRegion = en;
			hasScannedForEncodings = 0;
			knownRegions = (
				en,
				Base,
			);
			mainGroup = EBAB8F8F257674BA0058FA71;
			productRefGroup = EBAB8F99257674BB0058FA71 /* Products */;
			projectDirPath = "";
			projectRoot = "";
			targets = (
				EBAB8F97257674BB0058FA71 /* UnlimintSDK-Demo */,
			);
		};
/* End PBXProject section */

/* Begin PBXResourcesBuildPhase section */
		EBAB8F96257674BB0058FA71 /* Resources */ = {
			isa = PBXResourcesBuildPhase;
			buildActionMask = 2147483647;
			files = (
				EBAB8FA8257674BB0058FA71 /* LaunchScreen.storyboard in Resources */,
				EBAB8FA5257674BB0058FA71 /* Assets.xcassets in Resources */,
				EBAB8FA3257674BB0058FA71 /* Main.storyboard in Resources */,
			);
			runOnlyForDeploymentPostprocessing = 0;
		};
/* End PBXResourcesBuildPhase section */

/* Begin PBXShellScriptBuildPhase section */
		994360DFAE95E6ADAE3110EA /* [CP] Check Pods Manifest.lock */ = {
			isa = PBXShellScriptBuildPhase;
			buildActionMask = 2147483647;
			files = (
			);
			inputFileListPaths = (
			);
			inputPaths = (
				"${PODS_PODFILE_DIR_PATH}/Podfile.lock",
				"${PODS_ROOT}/Manifest.lock",
			);
			name = "[CP] Check Pods Manifest.lock";
			outputFileListPaths = (
			);
			outputPaths = (
				"$(DERIVED_FILE_DIR)/Pods-UnlimintSDK-Demo-checkManifestLockResult.txt",
			);
			runOnlyForDeploymentPostprocessing = 0;
			shellPath = /bin/sh;
			shellScript = "diff \"${PODS_PODFILE_DIR_PATH}/Podfile.lock\" \"${PODS_ROOT}/Manifest.lock\" > /dev/null\nif [ $? != 0 ] ; then\n    # print error to STDERR\n    echo \"error: The sandbox is not in sync with the Podfile.lock. Run 'pod install' or update your CocoaPods installation.\" >&2\n    exit 1\nfi\n# This output is used by Xcode 'outputs' to avoid re-running this script phase.\necho \"SUCCESS\" > \"${SCRIPT_OUTPUT_FILE_0}\"\n";
			showEnvVarsInLog = 0;
		};
		A2C0B33C79CA9B3E5D43D505 /* [CP] Embed Pods Frameworks */ = {
			isa = PBXShellScriptBuildPhase;
			buildActionMask = 2147483647;
			files = (
			);
			inputFileListPaths = (
				"${PODS_ROOT}/Target Support Files/Pods-UnlimintSDK-Demo/Pods-UnlimintSDK-Demo-frameworks-${CONFIGURATION}-input-files.xcfilelist",
			);
			name = "[CP] Embed Pods Frameworks";
			outputFileListPaths = (
				"${PODS_ROOT}/Target Support Files/Pods-UnlimintSDK-Demo/Pods-UnlimintSDK-Demo-frameworks-${CONFIGURATION}-output-files.xcfilelist",
			);
			runOnlyForDeploymentPostprocessing = 0;
			shellPath = /bin/sh;
			shellScript = "\"${PODS_ROOT}/Target Support Files/Pods-UnlimintSDK-Demo/Pods-UnlimintSDK-Demo-frameworks.sh\"\n";
			showEnvVarsInLog = 0;
		};
/* End PBXShellScriptBuildPhase section */

/* Begin PBXSourcesBuildPhase section */
		EBAB8F94257674BB0058FA71 /* Sources */ = {
			isa = PBXSourcesBuildPhase;
			buildActionMask = 2147483647;
			files = (
				EBAB8FBD257676340058FA71 /* AuthorizationProvider.swift in Sources */,
				EBAB8FA0257674BB0058FA71 /* ViewController.swift in Sources */,
				EBAB8F9C257674BB0058FA71 /* AppDelegate.swift in Sources */,
				EBAB8FB3257675BC0058FA71 /* Endpoints.swift in Sources */,
				EBAB8F9E257674BB0058FA71 /* SceneDelegate.swift in Sources */,
			);
			runOnlyForDeploymentPostprocessing = 0;
		};
/* End PBXSourcesBuildPhase section */

/* Begin PBXVariantGroup section */
		EBAB8FA1257674BB0058FA71 /* Main.storyboard */ = {
			isa = PBXVariantGroup;
			children = (
				EBAB8FA2257674BB0058FA71 /* Base */,
			);
			name = Main.storyboard;
			sourceTree = "<group>";
		};
		EBAB8FA6257674BB0058FA71 /* LaunchScreen.storyboard */ = {
			isa = PBXVariantGroup;
			children = (
				EBAB8FA7257674BB0058FA71 /* Base */,
			);
			name = LaunchScreen.storyboard;
			sourceTree = "<group>";
		};
/* End PBXVariantGroup section */

/* Begin XCBuildConfiguration section */
		EBAB8FAA257674BB0058FA71 /* Debug */ = {
			isa = XCBuildConfiguration;
			buildSettings = {
				ALWAYS_SEARCH_USER_PATHS = NO;
				CLANG_ANALYZER_NONNULL = YES;
				CLANG_ANALYZER_NUMBER_OBJECT_CONVERSION = YES_AGGRESSIVE;
				CLANG_CXX_LANGUAGE_STANDARD = "gnu++14";
				CLANG_CXX_LIBRARY = "libc++";
				CLANG_ENABLE_MODULES = YES;
				CLANG_ENABLE_OBJC_ARC = YES;
				CLANG_ENABLE_OBJC_WEAK = YES;
				CLANG_WARN_BLOCK_CAPTURE_AUTORELEASING = YES;
				CLANG_WARN_BOOL_CONVERSION = YES;
				CLANG_WARN_COMMA = YES;
				CLANG_WARN_CONSTANT_CONVERSION = YES;
				CLANG_WARN_DEPRECATED_OBJC_IMPLEMENTATIONS = YES;
				CLANG_WARN_DIRECT_OBJC_ISA_USAGE = YES_ERROR;
				CLANG_WARN_DOCUMENTATION_COMMENTS = YES;
				CLANG_WARN_EMPTY_BODY = YES;
				CLANG_WARN_ENUM_CONVERSION = YES;
				CLANG_WARN_INFINITE_RECURSION = YES;
				CLANG_WARN_INT_CONVERSION = YES;
				CLANG_WARN_NON_LITERAL_NULL_CONVERSION = YES;
				CLANG_WARN_OBJC_IMPLICIT_RETAIN_SELF = YES;
				CLANG_WARN_OBJC_LITERAL_CONVERSION = YES;
				CLANG_WARN_OBJC_ROOT_CLASS = YES_ERROR;
				CLANG_WARN_QUOTED_INCLUDE_IN_FRAMEWORK_HEADER = YES;
				CLANG_WARN_RANGE_LOOP_ANALYSIS = YES;
				CLANG_WARN_STRICT_PROTOTYPES = YES;
				CLANG_WARN_SUSPICIOUS_MOVE = YES;
				CLANG_WARN_UNGUARDED_AVAILABILITY = YES_AGGRESSIVE;
				CLANG_WARN_UNREACHABLE_CODE = YES;
				CLANG_WARN__DUPLICATE_METHOD_MATCH = YES;
				COPY_PHASE_STRIP = NO;
				DEBUG_INFORMATION_FORMAT = dwarf;
				ENABLE_STRICT_OBJC_MSGSEND = YES;
				ENABLE_TESTABILITY = YES;
				GCC_C_LANGUAGE_STANDARD = gnu11;
				GCC_DYNAMIC_NO_PIC = NO;
				GCC_NO_COMMON_BLOCKS = YES;
				GCC_OPTIMIZATION_LEVEL = 0;
				GCC_PREPROCESSOR_DEFINITIONS = (
					"DEBUG=1",
					"$(inherited)",
				);
				GCC_WARN_64_TO_32_BIT_CONVERSION = YES;
				GCC_WARN_ABOUT_RETURN_TYPE = YES_ERROR;
				GCC_WARN_UNDECLARED_SELECTOR = YES;
				GCC_WARN_UNINITIALIZED_AUTOS = YES_AGGRESSIVE;
				GCC_WARN_UNUSED_FUNCTION = YES;
				GCC_WARN_UNUSED_VARIABLE = YES;
				IPHONEOS_DEPLOYMENT_TARGET = 14.2;
				MTL_ENABLE_DEBUG_INFO = INCLUDE_SOURCE;
				MTL_FAST_MATH = YES;
				ONLY_ACTIVE_ARCH = YES;
				SDKROOT = iphoneos;
				SWIFT_ACTIVE_COMPILATION_CONDITIONS = DEBUG;
				SWIFT_OPTIMIZATION_LEVEL = "-Onone";
			};
			name = Debug;
		};
		EBAB8FAB257674BB0058FA71 /* Release */ = {
			isa = XCBuildConfiguration;
			buildSettings = {
				ALWAYS_SEARCH_USER_PATHS = NO;
				CLANG_ANALYZER_NONNULL = YES;
				CLANG_ANALYZER_NUMBER_OBJECT_CONVERSION = YES_AGGRESSIVE;
				CLANG_CXX_LANGUAGE_STANDARD = "gnu++14";
				CLANG_CXX_LIBRARY = "libc++";
				CLANG_ENABLE_MODULES = YES;
				CLANG_ENABLE_OBJC_ARC = YES;
				CLANG_ENABLE_OBJC_WEAK = YES;
				CLANG_WARN_BLOCK_CAPTURE_AUTORELEASING = YES;
				CLANG_WARN_BOOL_CONVERSION = YES;
				CLANG_WARN_COMMA = YES;
				CLANG_WARN_CONSTANT_CONVERSION = YES;
				CLANG_WARN_DEPRECATED_OBJC_IMPLEMENTATIONS = YES;
				CLANG_WARN_DIRECT_OBJC_ISA_USAGE = YES_ERROR;
				CLANG_WARN_DOCUMENTATION_COMMENTS = YES;
				CLANG_WARN_EMPTY_BODY = YES;
				CLANG_WARN_ENUM_CONVERSION = YES;
				CLANG_WARN_INFINITE_RECURSION = YES;
				CLANG_WARN_INT_CONVERSION = YES;
				CLANG_WARN_NON_LITERAL_NULL_CONVERSION = YES;
				CLANG_WARN_OBJC_IMPLICIT_RETAIN_SELF = YES;
				CLANG_WARN_OBJC_LITERAL_CONVERSION = YES;
				CLANG_WARN_OBJC_ROOT_CLASS = YES_ERROR;
				CLANG_WARN_QUOTED_INCLUDE_IN_FRAMEWORK_HEADER = YES;
				CLANG_WARN_RANGE_LOOP_ANALYSIS = YES;
				CLANG_WARN_STRICT_PROTOTYPES = YES;
				CLANG_WARN_SUSPICIOUS_MOVE = YES;
				CLANG_WARN_UNGUARDED_AVAILABILITY = YES_AGGRESSIVE;
				CLANG_WARN_UNREACHABLE_CODE = YES;
				CLANG_WARN__DUPLICATE_METHOD_MATCH = YES;
				COPY_PHASE_STRIP = NO;
				DEBUG_INFORMATION_FORMAT = "dwarf-with-dsym";
				ENABLE_NS_ASSERTIONS = NO;
				ENABLE_STRICT_OBJC_MSGSEND = YES;
				GCC_C_LANGUAGE_STANDARD = gnu11;
				GCC_NO_COMMON_BLOCKS = YES;
				GCC_WARN_64_TO_32_BIT_CONVERSION = YES;
				GCC_WARN_ABOUT_RETURN_TYPE = YES_ERROR;
				GCC_WARN_UNDECLARED_SELECTOR = YES;
				GCC_WARN_UNINITIALIZED_AUTOS = YES_AGGRESSIVE;
				GCC_WARN_UNUSED_FUNCTION = YES;
				GCC_WARN_UNUSED_VARIABLE = YES;
				IPHONEOS_DEPLOYMENT_TARGET = 14.2;
				MTL_ENABLE_DEBUG_INFO = NO;
				MTL_FAST_MATH = YES;
				SDKROOT = iphoneos;
				SWIFT_COMPILATION_MODE = wholemodule;
				SWIFT_OPTIMIZATION_LEVEL = "-O";
				VALIDATE_PRODUCT = YES;
			};
			name = Release;
		};
		EBAB8FAD257674BB0058FA71 /* Debug */ = {
			isa = XCBuildConfiguration;
			baseConfigurationReference = E0A5E2251CF6A7E1F7A76C9A /* Pods-UnlimintSDK-Demo.debug.xcconfig */;
			buildSettings = {
				ASSETCATALOG_COMPILER_APPICON_NAME = AppIcon;
				ASSETCATALOG_COMPILER_GLOBAL_ACCENT_COLOR_NAME = AccentColor;
				CODE_SIGN_STYLE = Automatic;
				CURRENT_PROJECT_VERSION = 4;
				DEVELOPMENT_TEAM = CZRPTJK8H2;
				INFOPLIST_FILE = "UnlimintSDK-Demo/Info.plist";
				IPHONEOS_DEPLOYMENT_TARGET = 11.0;
				LD_RUNPATH_SEARCH_PATHS = (
					"$(inherited)",
					"@executable_path/Frameworks",
				);
				MARKETING_VERSION = 1;
				PRODUCT_BUNDLE_IDENTIFIER = com.unlimint.demosdk;
				PRODUCT_NAME = "$(TARGET_NAME)";
				SWIFT_VERSION = 5.0;
				TARGETED_DEVICE_FAMILY = "1,2";
			};
			name = Debug;
		};
		EBAB8FAE257674BB0058FA71 /* Release */ = {
			isa = XCBuildConfiguration;
			baseConfigurationReference = 4DFB0DDBE67645DF244F27ED /* Pods-UnlimintSDK-Demo.release.xcconfig */;
			buildSettings = {
				ASSETCATALOG_COMPILER_APPICON_NAME = AppIcon;
				ASSETCATALOG_COMPILER_GLOBAL_ACCENT_COLOR_NAME = AccentColor;
				CODE_SIGN_STYLE = Automatic;
				CURRENT_PROJECT_VERSION = 4;
				DEVELOPMENT_TEAM = CZRPTJK8H2;
				INFOPLIST_FILE = "UnlimintSDK-Demo/Info.plist";
				IPHONEOS_DEPLOYMENT_TARGET = 11.0;
				LD_RUNPATH_SEARCH_PATHS = (
					"$(inherited)",
					"@executable_path/Frameworks",
				);
				MARKETING_VERSION = 1;
				PRODUCT_BUNDLE_IDENTIFIER = com.unlimint.demosdk;
				PRODUCT_NAME = "$(TARGET_NAME)";
				SWIFT_VERSION = 5.0;
				TARGETED_DEVICE_FAMILY = "1,2";
			};
			name = Release;
		};
/* End XCBuildConfiguration section */

/* Begin XCConfigurationList section */
		EBAB8F93257674BA0058FA71 /* Build configuration list for PBXProject "UnlimintSDK-Demo" */ = {
			isa = XCConfigurationList;
			buildConfigurations = (
				EBAB8FAA257674BB0058FA71 /* Debug */,
				EBAB8FAB257674BB0058FA71 /* Release */,
			);
			defaultConfigurationIsVisible = 0;
			defaultConfigurationName = Release;
		};
		EBAB8FAC257674BB0058FA71 /* Build configuration list for PBXNativeTarget "UnlimintSDK-Demo" */ = {
			isa = XCConfigurationList;
			buildConfigurations = (
				EBAB8FAD257674BB0058FA71 /* Debug */,
				EBAB8FAE257674BB0058FA71 /* Release */,
			);
			defaultConfigurationIsVisible = 0;
			defaultConfigurationName = Release;
		};
/* End XCConfigurationList section */
	};
	rootObject = EBAB8F90257674BA0058FA71 /* Project object */;
}
