// !$*UTF8*$!
{
	archiveVersion = 1;
	classes = {
	};
	objectVersion = 56;
	objects = {

/* Begin PBXBuildFile section */
		70866284446067E473CEE098 /* Pods_UnlimintSDKSwiftUI_Demo.framework in Frameworks */ = {isa = PBXBuildFile; fileRef = D541C953661711E0524A7A49 /* Pods_UnlimintSDKSwiftUI_Demo.framework */; };
		B3D9DF9A2A2DB66E005E7CEA /* UnlimintSDKSwiftUI_DemoApp.swift in Sources */ = {isa = PBXBuildFile; fileRef = B3D9DF992A2DB66E005E7CEA /* UnlimintSDKSwiftUI_DemoApp.swift */; };
		B3D9DF9C2A2DB66E005E7CEA /* ContentView.swift in Sources */ = {isa = PBXBuildFile; fileRef = B3D9DF9B2A2DB66E005E7CEA /* ContentView.swift */; };
		B3D9DF9E2A2DB66F005E7CEA /* Assets.xcassets in Resources */ = {isa = PBXBuildFile; fileRef = B3D9DF9D2A2DB66F005E7CEA /* Assets.xcassets */; };
		B3D9DFA12A2DB66F005E7CEA /* Preview Assets.xcassets in Resources */ = {isa = PBXBuildFile; fileRef = B3D9DFA02A2DB66F005E7CEA /* Preview Assets.xcassets */; };
		B3D9DFAB2A2DB66F005E7CEA /* UnlimintSDKSwiftUI_DemoTests.swift in Sources */ = {isa = PBXBuildFile; fileRef = B3D9DFAA2A2DB66F005E7CEA /* UnlimintSDKSwiftUI_DemoTests.swift */; };
		B3D9DFB52A2DB66F005E7CEA /* UnlimintSDKSwiftUI_DemoUITests.swift in Sources */ = {isa = PBXBuildFile; fileRef = B3D9DFB42A2DB66F005E7CEA /* UnlimintSDKSwiftUI_DemoUITests.swift */; };
		B3D9DFB72A2DB66F005E7CEA /* UnlimintSDKSwiftUI_DemoUITestsLaunchTests.swift in Sources */ = {isa = PBXBuildFile; fileRef = B3D9DFB62A2DB66F005E7CEA /* UnlimintSDKSwiftUI_DemoUITestsLaunchTests.swift */; };
		B3D9DFC62A2DB6BB005E7CEA /* Endpoints.swift in Sources */ = {isa = PBXBuildFile; fileRef = B3D9DFC42A2DB6BB005E7CEA /* Endpoints.swift */; };
		B3D9DFC72A2DB6BB005E7CEA /* AuthorizationProvider.swift in Sources */ = {isa = PBXBuildFile; fileRef = B3D9DFC52A2DB6BB005E7CEA /* AuthorizationProvider.swift */; };
		B3D9DFCA2A2DB835005E7CEA /* UnlimintSDK_SwiftUI.xcframework in Frameworks */ = {isa = PBXBuildFile; fileRef = B3D9DFC92A2DB835005E7CEA /* UnlimintSDK_SwiftUI.xcframework */; };
/* End PBXBuildFile section */

/* Begin PBXContainerItemProxy section */
		B3D9DFA72A2DB66F005E7CEA /* PBXContainerItemProxy */ = {
			isa = PBXContainerItemProxy;
			containerPortal = B3D9DF8E2A2DB66E005E7CEA /* Project object */;
			proxyType = 1;
			remoteGlobalIDString = B3D9DF952A2DB66E005E7CEA;
			remoteInfo = "UnlimintSDKSwiftUI-Demo";
		};
		B3D9DFB12A2DB66F005E7CEA /* PBXContainerItemProxy */ = {
			isa = PBXContainerItemProxy;
			containerPortal = B3D9DF8E2A2DB66E005E7CEA /* Project object */;
			proxyType = 1;
			remoteGlobalIDString = B3D9DF952A2DB66E005E7CEA;
			remoteInfo = "UnlimintSDKSwiftUI-Demo";
		};
/* End PBXContainerItemProxy section */

/* Begin PBXFileReference section */
		1C5A58942DBE975E9C14F69E /* Pods-UnlimintSDKSwiftUI-Demo.release.xcconfig */ = {isa = PBXFileReference; includeInIndex = 1; lastKnownFileType = text.xcconfig; name = "Pods-UnlimintSDKSwiftUI-Demo.release.xcconfig"; path = "Target Support Files/Pods-UnlimintSDKSwiftUI-Demo/Pods-UnlimintSDKSwiftUI-Demo.release.xcconfig"; sourceTree = "<group>"; };
		B3D9DF962A2DB66E005E7CEA /* UnlimintSDKSwiftUI-Demo.app */ = {isa = PBXFileReference; explicitFileType = wrapper.application; includeInIndex = 0; path = "UnlimintSDKSwiftUI-Demo.app"; sourceTree = BUILT_PRODUCTS_DIR; };
		B3D9DF992A2DB66E005E7CEA /* UnlimintSDKSwiftUI_DemoApp.swift */ = {isa = PBXFileReference; lastKnownFileType = sourcecode.swift; path = UnlimintSDKSwiftUI_DemoApp.swift; sourceTree = "<group>"; };
		B3D9DF9B2A2DB66E005E7CEA /* ContentView.swift */ = {isa = PBXFileReference; lastKnownFileType = sourcecode.swift; path = ContentView.swift; sourceTree = "<group>"; };
		B3D9DF9D2A2DB66F005E7CEA /* Assets.xcassets */ = {isa = PBXFileReference; lastKnownFileType = folder.assetcatalog; path = Assets.xcassets; sourceTree = "<group>"; };
		B3D9DFA02A2DB66F005E7CEA /* Preview Assets.xcassets */ = {isa = PBXFileReference; lastKnownFileType = folder.assetcatalog; path = "Preview Assets.xcassets"; sourceTree = "<group>"; };
		B3D9DFA62A2DB66F005E7CEA /* UnlimintSDKSwiftUI-DemoTests.xctest */ = {isa = PBXFileReference; explicitFileType = wrapper.cfbundle; includeInIndex = 0; path = "UnlimintSDKSwiftUI-DemoTests.xctest"; sourceTree = BUILT_PRODUCTS_DIR; };
		B3D9DFAA2A2DB66F005E7CEA /* UnlimintSDKSwiftUI_DemoTests.swift */ = {isa = PBXFileReference; lastKnownFileType = sourcecode.swift; path = UnlimintSDKSwiftUI_DemoTests.swift; sourceTree = "<group>"; };
		B3D9DFB02A2DB66F005E7CEA /* UnlimintSDKSwiftUI-DemoUITests.xctest */ = {isa = PBXFileReference; explicitFileType = wrapper.cfbundle; includeInIndex = 0; path = "UnlimintSDKSwiftUI-DemoUITests.xctest"; sourceTree = BUILT_PRODUCTS_DIR; };
		B3D9DFB42A2DB66F005E7CEA /* UnlimintSDKSwiftUI_DemoUITests.swift */ = {isa = PBXFileReference; lastKnownFileType = sourcecode.swift; path = UnlimintSDKSwiftUI_DemoUITests.swift; sourceTree = "<group>"; };
		B3D9DFB62A2DB66F005E7CEA /* UnlimintSDKSwiftUI_DemoUITestsLaunchTests.swift */ = {isa = PBXFileReference; lastKnownFileType = sourcecode.swift; path = UnlimintSDKSwiftUI_DemoUITestsLaunchTests.swift; sourceTree = "<group>"; };
		B3D9DFC42A2DB6BB005E7CEA /* Endpoints.swift */ = {isa = PBXFileReference; fileEncoding = 4; lastKnownFileType = sourcecode.swift; path = Endpoints.swift; sourceTree = "<group>"; };
		B3D9DFC52A2DB6BB005E7CEA /* AuthorizationProvider.swift */ = {isa = PBXFileReference; fileEncoding = 4; lastKnownFileType = sourcecode.swift; path = AuthorizationProvider.swift; sourceTree = "<group>"; };
		B3D9DFC92A2DB835005E7CEA /* UnlimintSDK_SwiftUI.xcframework */ = {isa = PBXFileReference; lastKnownFileType = wrapper.xcframework; name = UnlimintSDK_SwiftUI.xcframework; path = Pods/UnlimintSDK_SwiftUI/UnlimintSDK_SwiftUI.xcframework; sourceTree = "<group>"; };
		B40E7089AE23F379275E6368 /* Pods-UnlimintSDKSwiftUI-Demo.debug.xcconfig */ = {isa = PBXFileReference; includeInIndex = 1; lastKnownFileType = text.xcconfig; name = "Pods-UnlimintSDKSwiftUI-Demo.debug.xcconfig"; path = "Target Support Files/Pods-UnlimintSDKSwiftUI-Demo/Pods-UnlimintSDKSwiftUI-Demo.debug.xcconfig"; sourceTree = "<group>"; };
		D541C953661711E0524A7A49 /* Pods_UnlimintSDKSwiftUI_Demo.framework */ = {isa = PBXFileReference; explicitFileType = wrapper.framework; includeInIndex = 0; path = Pods_UnlimintSDKSwiftUI_Demo.framework; sourceTree = BUILT_PRODUCTS_DIR; };
/* End PBXFileReference section */

/* Begin PBXFrameworksBuildPhase section */
		B3D9DF932A2DB66E005E7CEA /* Frameworks */ = {
			isa = PBXFrameworksBuildPhase;
			buildActionMask = 2147483647;
			files = (
				B3D9DFCA2A2DB835005E7CEA /* UnlimintSDK_SwiftUI.xcframework in Frameworks */,
				70866284446067E473CEE098 /* Pods_UnlimintSDKSwiftUI_Demo.framework in Frameworks */,
			);
			runOnlyForDeploymentPostprocessing = 0;
		};
		B3D9DFA32A2DB66F005E7CEA /* Frameworks */ = {
			isa = PBXFrameworksBuildPhase;
			buildActionMask = 2147483647;
			files = (
			);
			runOnlyForDeploymentPostprocessing = 0;
		};
		B3D9DFAD2A2DB66F005E7CEA /* Frameworks */ = {
			isa = PBXFrameworksBuildPhase;
			buildActionMask = 2147483647;
			files = (
			);
			runOnlyForDeploymentPostprocessing = 0;
		};
/* End PBXFrameworksBuildPhase section */

/* Begin PBXGroup section */
		087C732260C84D4DBDE74FB4 /* Frameworks */ = {
			isa = PBXGroup;
			children = (
				B3D9DFC92A2DB835005E7CEA /* UnlimintSDK_SwiftUI.xcframework */,
				D541C953661711E0524A7A49 /* Pods_UnlimintSDKSwiftUI_Demo.framework */,
			);
			name = Frameworks;
			sourceTree = "<group>";
		};
		119743BB940EF3218FDA1AFC /* Pods */ = {
			isa = PBXGroup;
			children = (
				B40E7089AE23F379275E6368 /* Pods-UnlimintSDKSwiftUI-Demo.debug.xcconfig */,
				1C5A58942DBE975E9C14F69E /* Pods-UnlimintSDKSwiftUI-Demo.release.xcconfig */,
			);
			path = Pods;
			sourceTree = "<group>";
		};
		B3D9DF8D2A2DB66E005E7CEA = {
			isa = PBXGroup;
			children = (
				B3D9DF982A2DB66E005E7CEA /* UnlimintSDKSwiftUI-Demo */,
				B3D9DFA92A2DB66F005E7CEA /* UnlimintSDKSwiftUI-DemoTests */,
				B3D9DFB32A2DB66F005E7CEA /* UnlimintSDKSwiftUI-DemoUITests */,
				B3D9DF972A2DB66E005E7CEA /* Products */,
				119743BB940EF3218FDA1AFC /* Pods */,
				087C732260C84D4DBDE74FB4 /* Frameworks */,
			);
			sourceTree = "<group>";
		};
		B3D9DF972A2DB66E005E7CEA /* Products */ = {
			isa = PBXGroup;
			children = (
				B3D9DF962A2DB66E005E7CEA /* UnlimintSDKSwiftUI-Demo.app */,
				B3D9DFA62A2DB66F005E7CEA /* UnlimintSDKSwiftUI-DemoTests.xctest */,
				B3D9DFB02A2DB66F005E7CEA /* UnlimintSDKSwiftUI-DemoUITests.xctest */,
			);
			name = Products;
			sourceTree = "<group>";
		};
		B3D9DF982A2DB66E005E7CEA /* UnlimintSDKSwiftUI-Demo */ = {
			isa = PBXGroup;
			children = (
				B3D9DFC32A2DB6BB005E7CEA /* Network */,
				B3D9DF992A2DB66E005E7CEA /* UnlimintSDKSwiftUI_DemoApp.swift */,
				B3D9DF9B2A2DB66E005E7CEA /* ContentView.swift */,
				B3D9DF9D2A2DB66F005E7CEA /* Assets.xcassets */,
				B3D9DF9F2A2DB66F005E7CEA /* Preview Content */,
			);
			path = "UnlimintSDKSwiftUI-Demo";
			sourceTree = "<group>";
		};
		B3D9DF9F2A2DB66F005E7CEA /* Preview Content */ = {
			isa = PBXGroup;
			children = (
				B3D9DFA02A2DB66F005E7CEA /* Preview Assets.xcassets */,
			);
			path = "Preview Content";
			sourceTree = "<group>";
		};
		B3D9DFA92A2DB66F005E7CEA /* UnlimintSDKSwiftUI-DemoTests */ = {
			isa = PBXGroup;
			children = (
				B3D9DFAA2A2DB66F005E7CEA /* UnlimintSDKSwiftUI_DemoTests.swift */,
			);
			path = "UnlimintSDKSwiftUI-DemoTests";
			sourceTree = "<group>";
		};
		B3D9DFB32A2DB66F005E7CEA /* UnlimintSDKSwiftUI-DemoUITests */ = {
			isa = PBXGroup;
			children = (
				B3D9DFB42A2DB66F005E7CEA /* UnlimintSDKSwiftUI_DemoUITests.swift */,
				B3D9DFB62A2DB66F005E7CEA /* UnlimintSDKSwiftUI_DemoUITestsLaunchTests.swift */,
			);
			path = "UnlimintSDKSwiftUI-DemoUITests";
			sourceTree = "<group>";
		};
		B3D9DFC32A2DB6BB005E7CEA /* Network */ = {
			isa = PBXGroup;
			children = (
				B3D9DFC42A2DB6BB005E7CEA /* Endpoints.swift */,
				B3D9DFC52A2DB6BB005E7CEA /* AuthorizationProvider.swift */,
			);
			path = Network;
			sourceTree = "<group>";
		};
/* End PBXGroup section */

/* Begin PBXNativeTarget section */
		B3D9DF952A2DB66E005E7CEA /* UnlimintSDKSwiftUI-Demo */ = {
			isa = PBXNativeTarget;
			buildConfigurationList = B3D9DFBA2A2DB66F005E7CEA /* Build configuration list for PBXNativeTarget "UnlimintSDKSwiftUI-Demo" */;
			buildPhases = (
				3DD6EC0D6F568EFA46F16894 /* [CP] Check Pods Manifest.lock */,
				B3D9DF922A2DB66E005E7CEA /* Sources */,
				B3D9DF932A2DB66E005E7CEA /* Frameworks */,
				B3D9DF942A2DB66E005E7CEA /* Resources */,
				BD94A954AA5CC3E57363FAAA /* [CP] Embed Pods Frameworks */,
			);
			buildRules = (
			);
			dependencies = (
			);
			name = "UnlimintSDKSwiftUI-Demo";
			productName = "UnlimintSDKSwiftUI-Demo";
			productReference = B3D9DF962A2DB66E005E7CEA /* UnlimintSDKSwiftUI-Demo.app */;
			productType = "com.apple.product-type.application";
		};
		B3D9DFA52A2DB66F005E7CEA /* UnlimintSDKSwiftUI-DemoTests */ = {
			isa = PBXNativeTarget;
			buildConfigurationList = B3D9DFBD2A2DB66F005E7CEA /* Build configuration list for PBXNativeTarget "UnlimintSDKSwiftUI-DemoTests" */;
			buildPhases = (
				B3D9DFA22A2DB66F005E7CEA /* Sources */,
				B3D9DFA32A2DB66F005E7CEA /* Frameworks */,
				B3D9DFA42A2DB66F005E7CEA /* Resources */,
			);
			buildRules = (
			);
			dependencies = (
				B3D9DFA82A2DB66F005E7CEA /* PBXTargetDependency */,
			);
			name = "UnlimintSDKSwiftUI-DemoTests";
			productName = "UnlimintSDKSwiftUI-DemoTests";
			productReference = B3D9DFA62A2DB66F005E7CEA /* UnlimintSDKSwiftUI-DemoTests.xctest */;
			productType = "com.apple.product-type.bundle.unit-test";
		};
		B3D9DFAF2A2DB66F005E7CEA /* UnlimintSDKSwiftUI-DemoUITests */ = {
			isa = PBXNativeTarget;
			buildConfigurationList = B3D9DFC02A2DB66F005E7CEA /* Build configuration list for PBXNativeTarget "UnlimintSDKSwiftUI-DemoUITests" */;
			buildPhases = (
				B3D9DFAC2A2DB66F005E7CEA /* Sources */,
				B3D9DFAD2A2DB66F005E7CEA /* Frameworks */,
				B3D9DFAE2A2DB66F005E7CEA /* Resources */,
			);
			buildRules = (
			);
			dependencies = (
				B3D9DFB22A2DB66F005E7CEA /* PBXTargetDependency */,
			);
			name = "UnlimintSDKSwiftUI-DemoUITests";
			productName = "UnlimintSDKSwiftUI-DemoUITests";
			productReference = B3D9DFB02A2DB66F005E7CEA /* UnlimintSDKSwiftUI-DemoUITests.xctest */;
			productType = "com.apple.product-type.bundle.ui-testing";
		};
/* End PBXNativeTarget section */

/* Begin PBXProject section */
		B3D9DF8E2A2DB66E005E7CEA /* Project object */ = {
			isa = PBXProject;
			attributes = {
				BuildIndependentTargetsInParallel = 1;
				LastSwiftUpdateCheck = 1420;
				LastUpgradeCheck = 1420;
				TargetAttributes = {
					B3D9DF952A2DB66E005E7CEA = {
						CreatedOnToolsVersion = 14.2;
					};
					B3D9DFA52A2DB66F005E7CEA = {
						CreatedOnToolsVersion = 14.2;
						TestTargetID = B3D9DF952A2DB66E005E7CEA;
					};
					B3D9DFAF2A2DB66F005E7CEA = {
						CreatedOnToolsVersion = 14.2;
						TestTargetID = B3D9DF952A2DB66E005E7CEA;
					};
				};
			};
			buildConfigurationList = B3D9DF912A2DB66E005E7CEA /* Build configuration list for PBXProject "UnlimintSDKSwiftUI-Demo" */;
			compatibilityVersion = "Xcode 14.0";
			developmentRegion = en;
			hasScannedForEncodings = 0;
			knownRegions = (
				en,
				Base,
			);
			mainGroup = B3D9DF8D2A2DB66E005E7CEA;
			productRefGroup = B3D9DF972A2DB66E005E7CEA /* Products */;
			projectDirPath = "";
			projectRoot = "";
			targets = (
				B3D9DF952A2DB66E005E7CEA /* UnlimintSDKSwiftUI-Demo */,
				B3D9DFA52A2DB66F005E7CEA /* UnlimintSDKSwiftUI-DemoTests */,
				B3D9DFAF2A2DB66F005E7CEA /* UnlimintSDKSwiftUI-DemoUITests */,
			);
		};
/* End PBXProject section */

/* Begin PBXResourcesBuildPhase section */
		B3D9DF942A2DB66E005E7CEA /* Resources */ = {
			isa = PBXResourcesBuildPhase;
			buildActionMask = 2147483647;
			files = (
				B3D9DFA12A2DB66F005E7CEA /* Preview Assets.xcassets in Resources */,
				B3D9DF9E2A2DB66F005E7CEA /* Assets.xcassets in Resources */,
			);
			runOnlyForDeploymentPostprocessing = 0;
		};
		B3D9DFA42A2DB66F005E7CEA /* Resources */ = {
			isa = PBXResourcesBuildPhase;
			buildActionMask = 2147483647;
			files = (
			);
			runOnlyForDeploymentPostprocessing = 0;
		};
		B3D9DFAE2A2DB66F005E7CEA /* Resources */ = {
			isa = PBXResourcesBuildPhase;
			buildActionMask = 2147483647;
			files = (
			);
			runOnlyForDeploymentPostprocessing = 0;
		};
/* End PBXResourcesBuildPhase section */

/* Begin PBXShellScriptBuildPhase section */
		3DD6EC0D6F568EFA46F16894 /* [CP] Check Pods Manifest.lock */ = {
			isa = PBXShellScriptBuildPhase;
			buildActionMask = 2147483647;
			files = (
			);
			inputFileListPaths = (
			);
			inputPaths = (
				"${PODS_PODFILE_DIR_PATH}/Podfile.lock",
				"${PODS_ROOT}/Manifest.lock",
			);
			name = "[CP] Check Pods Manifest.lock";
			outputFileListPaths = (
			);
			outputPaths = (
				"$(DERIVED_FILE_DIR)/Pods-UnlimintSDKSwiftUI-Demo-checkManifestLockResult.txt",
			);
			runOnlyForDeploymentPostprocessing = 0;
			shellPath = /bin/sh;
			shellScript = "diff \"${PODS_PODFILE_DIR_PATH}/Podfile.lock\" \"${PODS_ROOT}/Manifest.lock\" > /dev/null\nif [ $? != 0 ] ; then\n    # print error to STDERR\n    echo \"error: The sandbox is not in sync with the Podfile.lock. Run 'pod install' or update your CocoaPods installation.\" >&2\n    exit 1\nfi\n# This output is used by Xcode 'outputs' to avoid re-running this script phase.\necho \"SUCCESS\" > \"${SCRIPT_OUTPUT_FILE_0}\"\n";
			showEnvVarsInLog = 0;
		};
		BD94A954AA5CC3E57363FAAA /* [CP] Embed Pods Frameworks */ = {
			isa = PBXShellScriptBuildPhase;
			buildActionMask = 2147483647;
			files = (
			);
			inputFileListPaths = (
				"${PODS_ROOT}/Target Support Files/Pods-UnlimintSDKSwiftUI-Demo/Pods-UnlimintSDKSwiftUI-Demo-frameworks-${CONFIGURATION}-input-files.xcfilelist",
			);
			name = "[CP] Embed Pods Frameworks";
			outputFileListPaths = (
				"${PODS_ROOT}/Target Support Files/Pods-UnlimintSDKSwiftUI-Demo/Pods-UnlimintSDKSwiftUI-Demo-frameworks-${CONFIGURATION}-output-files.xcfilelist",
			);
			runOnlyForDeploymentPostprocessing = 0;
			shellPath = /bin/sh;
			shellScript = "\"${PODS_ROOT}/Target Support Files/Pods-UnlimintSDKSwiftUI-Demo/Pods-UnlimintSDKSwiftUI-Demo-frameworks.sh\"\n";
			showEnvVarsInLog = 0;
		};
/* End PBXShellScriptBuildPhase section */

/* Begin PBXSourcesBuildPhase section */
		B3D9DF922A2DB66E005E7CEA /* Sources */ = {
			isa = PBXSourcesBuildPhase;
			buildActionMask = 2147483647;
			files = (
				B3D9DF9C2A2DB66E005E7CEA /* ContentView.swift in Sources */,
				B3D9DFC62A2DB6BB005E7CEA /* Endpoints.swift in Sources */,
				B3D9DFC72A2DB6BB005E7CEA /* AuthorizationProvider.swift in Sources */,
				B3D9DF9A2A2DB66E005E7CEA /* UnlimintSDKSwiftUI_DemoApp.swift in Sources */,
			);
			runOnlyForDeploymentPostprocessing = 0;
		};
		B3D9DFA22A2DB66F005E7CEA /* Sources */ = {
			isa = PBXSourcesBuildPhase;
			buildActionMask = 2147483647;
			files = (
				B3D9DFAB2A2DB66F005E7CEA /* UnlimintSDKSwiftUI_DemoTests.swift in Sources */,
			);
			runOnlyForDeploymentPostprocessing = 0;
		};
		B3D9DFAC2A2DB66F005E7CEA /* Sources */ = {
			isa = PBXSourcesBuildPhase;
			buildActionMask = 2147483647;
			files = (
				B3D9DFB72A2DB66F005E7CEA /* UnlimintSDKSwiftUI_DemoUITestsLaunchTests.swift in Sources */,
				B3D9DFB52A2DB66F005E7CEA /* UnlimintSDKSwiftUI_DemoUITests.swift in Sources */,
			);
			runOnlyForDeploymentPostprocessing = 0;
		};
/* End PBXSourcesBuildPhase section */

/* Begin PBXTargetDependency section */
		B3D9DFA82A2DB66F005E7CEA /* PBXTargetDependency */ = {
			isa = PBXTargetDependency;
			target = B3D9DF952A2DB66E005E7CEA /* UnlimintSDKSwiftUI-Demo */;
			targetProxy = B3D9DFA72A2DB66F005E7CEA /* PBXContainerItemProxy */;
		};
		B3D9DFB22A2DB66F005E7CEA /* PBXTargetDependency */ = {
			isa = PBXTargetDependency;
			target = B3D9DF952A2DB66E005E7CEA /* UnlimintSDKSwiftUI-Demo */;
			targetProxy = B3D9DFB12A2DB66F005E7CEA /* PBXContainerItemProxy */;
		};
/* End PBXTargetDependency section */

/* Begin XCBuildConfiguration section */
		B3D9DFB82A2DB66F005E7CEA /* Debug */ = {
			isa = XCBuildConfiguration;
			buildSettings = {
				ALWAYS_SEARCH_USER_PATHS = NO;
				CLANG_ANALYZER_NONNULL = YES;
				CLANG_ANALYZER_NUMBER_OBJECT_CONVERSION = YES_AGGRESSIVE;
				CLANG_CXX_LANGUAGE_STANDARD = "gnu++20";
				CLANG_ENABLE_MODULES = YES;
				CLANG_ENABLE_OBJC_ARC = YES;
				CLANG_ENABLE_OBJC_WEAK = YES;
				CLANG_WARN_BLOCK_CAPTURE_AUTORELEASING = YES;
				CLANG_WARN_BOOL_CONVERSION = YES;
				CLANG_WARN_COMMA = YES;
				CLANG_WARN_CONSTANT_CONVERSION = YES;
				CLANG_WARN_DEPRECATED_OBJC_IMPLEMENTATIONS = YES;
				CLANG_WARN_DIRECT_OBJC_ISA_USAGE = YES_ERROR;
				CLANG_WARN_DOCUMENTATION_COMMENTS = YES;
				CLANG_WARN_EMPTY_BODY = YES;
				CLANG_WARN_ENUM_CONVERSION = YES;
				CLANG_WARN_INFINITE_RECURSION = YES;
				CLANG_WARN_INT_CONVERSION = YES;
				CLANG_WARN_NON_LITERAL_NULL_CONVERSION = YES;
				CLANG_WARN_OBJC_IMPLICIT_RETAIN_SELF = YES;
				CLANG_WARN_OBJC_LITERAL_CONVERSION = YES;
				CLANG_WARN_OBJC_ROOT_CLASS = YES_ERROR;
				CLANG_WARN_QUOTED_INCLUDE_IN_FRAMEWORK_HEADER = YES;
				CLANG_WARN_RANGE_LOOP_ANALYSIS = YES;
				CLANG_WARN_STRICT_PROTOTYPES = YES;
				CLANG_WARN_SUSPICIOUS_MOVE = YES;
				CLANG_WARN_UNGUARDED_AVAILABILITY = YES_AGGRESSIVE;
				CLANG_WARN_UNREACHABLE_CODE = YES;
				CLANG_WARN__DUPLICATE_METHOD_MATCH = YES;
				COPY_PHASE_STRIP = NO;
				DEBUG_INFORMATION_FORMAT = dwarf;
				ENABLE_STRICT_OBJC_MSGSEND = YES;
				ENABLE_TESTABILITY = YES;
				GCC_C_LANGUAGE_STANDARD = gnu11;
				GCC_DYNAMIC_NO_PIC = NO;
				GCC_NO_COMMON_BLOCKS = YES;
				GCC_OPTIMIZATION_LEVEL = 0;
				GCC_PREPROCESSOR_DEFINITIONS = (
					"DEBUG=1",
					"$(inherited)",
				);
				GCC_WARN_64_TO_32_BIT_CONVERSION = YES;
				GCC_WARN_ABOUT_RETURN_TYPE = YES_ERROR;
				GCC_WARN_UNDECLARED_SELECTOR = YES;
				GCC_WARN_UNINITIALIZED_AUTOS = YES_AGGRESSIVE;
				GCC_WARN_UNUSED_FUNCTION = YES;
				GCC_WARN_UNUSED_VARIABLE = YES;
				IPHONEOS_DEPLOYMENT_TARGET = 16.2;
				MTL_ENABLE_DEBUG_INFO = INCLUDE_SOURCE;
				MTL_FAST_MATH = YES;
				ONLY_ACTIVE_ARCH = YES;
				SDKROOT = iphoneos;
				SWIFT_ACTIVE_COMPILATION_CONDITIONS = DEBUG;
				SWIFT_OPTIMIZATION_LEVEL = "-Onone";
			};
			name = Debug;
		};
		B3D9DFB92A2DB66F005E7CEA /* Release */ = {
			isa = XCBuildConfiguration;
			buildSettings = {
				ALWAYS_SEARCH_USER_PATHS = NO;
				CLANG_ANALYZER_NONNULL = YES;
				CLANG_ANALYZER_NUMBER_OBJECT_CONVERSION = YES_AGGRESSIVE;
				CLANG_CXX_LANGUAGE_STANDARD = "gnu++20";
				CLANG_ENABLE_MODULES = YES;
				CLANG_ENABLE_OBJC_ARC = YES;
				CLANG_ENABLE_OBJC_WEAK = YES;
				CLANG_WARN_BLOCK_CAPTURE_AUTORELEASING = YES;
				CLANG_WARN_BOOL_CONVERSION = YES;
				CLANG_WARN_COMMA = YES;
				CLANG_WARN_CONSTANT_CONVERSION = YES;
				CLANG_WARN_DEPRECATED_OBJC_IMPLEMENTATIONS = YES;
				CLANG_WARN_DIRECT_OBJC_ISA_USAGE = YES_ERROR;
				CLANG_WARN_DOCUMENTATION_COMMENTS = YES;
				CLANG_WARN_EMPTY_BODY = YES;
				CLANG_WARN_ENUM_CONVERSION = YES;
				CLANG_WARN_INFINITE_RECURSION = YES;
				CLANG_WARN_INT_CONVERSION = YES;
				CLANG_WARN_NON_LITERAL_NULL_CONVERSION = YES;
				CLANG_WARN_OBJC_IMPLICIT_RETAIN_SELF = YES;
				CLANG_WARN_OBJC_LITERAL_CONVERSION = YES;
				CLANG_WARN_OBJC_ROOT_CLASS = YES_ERROR;
				CLANG_WARN_QUOTED_INCLUDE_IN_FRAMEWORK_HEADER = YES;
				CLANG_WARN_RANGE_LOOP_ANALYSIS = YES;
				CLANG_WARN_STRICT_PROTOTYPES = YES;
				CLANG_WARN_SUSPICIOUS_MOVE = YES;
				CLANG_WARN_UNGUARDED_AVAILABILITY = YES_AGGRESSIVE;
				CLANG_WARN_UNREACHABLE_CODE = YES;
				CLANG_WARN__DUPLICATE_METHOD_MATCH = YES;
				COPY_PHASE_STRIP = NO;
				DEBUG_INFORMATION_FORMAT = "dwarf-with-dsym";
				ENABLE_NS_ASSERTIONS = NO;
				ENABLE_STRICT_OBJC_MSGSEND = YES;
				GCC_C_LANGUAGE_STANDARD = gnu11;
				GCC_NO_COMMON_BLOCKS = YES;
				GCC_WARN_64_TO_32_BIT_CONVERSION = YES;
				GCC_WARN_ABOUT_RETURN_TYPE = YES_ERROR;
				GCC_WARN_UNDECLARED_SELECTOR = YES;
				GCC_WARN_UNINITIALIZED_AUTOS = YES_AGGRESSIVE;
				GCC_WARN_UNUSED_FUNCTION = YES;
				GCC_WARN_UNUSED_VARIABLE = YES;
				IPHONEOS_DEPLOYMENT_TARGET = 16.2;
				MTL_ENABLE_DEBUG_INFO = NO;
				MTL_FAST_MATH = YES;
				SDKROOT = iphoneos;
				SWIFT_COMPILATION_MODE = wholemodule;
				SWIFT_OPTIMIZATION_LEVEL = "-O";
				VALIDATE_PRODUCT = YES;
			};
			name = Release;
		};
		B3D9DFBB2A2DB66F005E7CEA /* Debug */ = {
			isa = XCBuildConfiguration;
			baseConfigurationReference = B40E7089AE23F379275E6368 /* Pods-UnlimintSDKSwiftUI-Demo.debug.xcconfig */;
			buildSettings = {
				ASSETCATALOG_COMPILER_APPICON_NAME = AppIcon;
				ASSETCATALOG_COMPILER_GLOBAL_ACCENT_COLOR_NAME = AccentColor;
				CODE_SIGN_STYLE = Automatic;
				CURRENT_PROJECT_VERSION = 1;
				DEVELOPMENT_ASSET_PATHS = "\"UnlimintSDKSwiftUI-Demo/Preview Content\"";
				DEVELOPMENT_TEAM = CZRPTJK8H2;
				ENABLE_PREVIEWS = YES;
				GENERATE_INFOPLIST_FILE = YES;
				INFOPLIST_KEY_UIApplicationSceneManifest_Generation = YES;
				INFOPLIST_KEY_UIApplicationSupportsIndirectInputEvents = YES;
				INFOPLIST_KEY_UILaunchScreen_Generation = YES;
				INFOPLIST_KEY_UISupportedInterfaceOrientations_iPad = "UIInterfaceOrientationPortrait UIInterfaceOrientationPortraitUpsideDown UIInterfaceOrientationLandscapeLeft UIInterfaceOrientationLandscapeRight";
				INFOPLIST_KEY_UISupportedInterfaceOrientations_iPhone = "UIInterfaceOrientationPortrait UIInterfaceOrientationLandscapeLeft UIInterfaceOrientationLandscapeRight";
				LD_RUNPATH_SEARCH_PATHS = (
					"$(inherited)",
					"@executable_path/Frameworks",
				);
				MARKETING_VERSION = 1.0;
				PRODUCT_BUNDLE_IDENTIFIER = "com.unlimint.UnlimintSDKSwiftUI-Demo";
				PRODUCT_NAME = "$(TARGET_NAME)";
				SWIFT_EMIT_LOC_STRINGS = YES;
				SWIFT_VERSION = 5.0;
				TARGETED_DEVICE_FAMILY = "1,2";
			};
			name = Debug;
		};
		B3D9DFBC2A2DB66F005E7CEA /* Release */ = {
			isa = XCBuildConfiguration;
			baseConfigurationReference = 1C5A58942DBE975E9C14F69E /* Pods-UnlimintSDKSwiftUI-Demo.release.xcconfig */;
			buildSettings = {
				ASSETCATALOG_COMPILER_APPICON_NAME = AppIcon;
				ASSETCATALOG_COMPILER_GLOBAL_ACCENT_COLOR_NAME = AccentColor;
				CODE_SIGN_STYLE = Automatic;
				CURRENT_PROJECT_VERSION = 1;
				DEVELOPMENT_ASSET_PATHS = "\"UnlimintSDKSwiftUI-Demo/Preview Content\"";
				DEVELOPMENT_TEAM = CZRPTJK8H2;
				ENABLE_PREVIEWS = YES;
				GENERATE_INFOPLIST_FILE = YES;
				INFOPLIST_KEY_UIApplicationSceneManifest_Generation = YES;
				INFOPLIST_KEY_UIApplicationSupportsIndirectInputEvents = YES;
				INFOPLIST_KEY_UILaunchScreen_Generation = YES;
				INFOPLIST_KEY_UISupportedInterfaceOrientations_iPad = "UIInterfaceOrientationPortrait UIInterfaceOrientationPortraitUpsideDown UIInterfaceOrientationLandscapeLeft UIInterfaceOrientationLandscapeRight";
				INFOPLIST_KEY_UISupportedInterfaceOrientations_iPhone = "UIInterfaceOrientationPortrait UIInterfaceOrientationLandscapeLeft UIInterfaceOrientationLandscapeRight";
				LD_RUNPATH_SEARCH_PATHS = (
					"$(inherited)",
					"@executable_path/Frameworks",
				);
				MARKETING_VERSION = 1.0;
				PRODUCT_BUNDLE_IDENTIFIER = "com.unlimint.UnlimintSDKSwiftUI-Demo";
				PRODUCT_NAME = "$(TARGET_NAME)";
				SWIFT_EMIT_LOC_STRINGS = YES;
				SWIFT_VERSION = 5.0;
				TARGETED_DEVICE_FAMILY = "1,2";
			};
			name = Release;
		};
		B3D9DFBE2A2DB66F005E7CEA /* Debug */ = {
			isa = XCBuildConfiguration;
			buildSettings = {
				ALWAYS_EMBED_SWIFT_STANDARD_LIBRARIES = YES;
				BUNDLE_LOADER = "$(TEST_HOST)";
				CODE_SIGN_STYLE = Automatic;
				CURRENT_PROJECT_VERSION = 1;
				DEVELOPMENT_TEAM = CZRPTJK8H2;
				GENERATE_INFOPLIST_FILE = YES;
				IPHONEOS_DEPLOYMENT_TARGET = 16.2;
				MARKETING_VERSION = 1.0;
				PRODUCT_BUNDLE_IDENTIFIER = "com.unlimint.UnlimintSDKSwiftUI-DemoTests";
				PRODUCT_NAME = "$(TARGET_NAME)";
				SWIFT_EMIT_LOC_STRINGS = NO;
				SWIFT_VERSION = 5.0;
				TARGETED_DEVICE_FAMILY = "1,2";
				TEST_HOST = "$(BUILT_PRODUCTS_DIR)/UnlimintSDKSwiftUI-Demo.app/$(BUNDLE_EXECUTABLE_FOLDER_PATH)/UnlimintSDKSwiftUI-Demo";
			};
			name = Debug;
		};
		B3D9DFBF2A2DB66F005E7CEA /* Release */ = {
			isa = XCBuildConfiguration;
			buildSettings = {
				ALWAYS_EMBED_SWIFT_STANDARD_LIBRARIES = YES;
				BUNDLE_LOADER = "$(TEST_HOST)";
				CODE_SIGN_STYLE = Automatic;
				CURRENT_PROJECT_VERSION = 1;
				DEVELOPMENT_TEAM = CZRPTJK8H2;
				GENERATE_INFOPLIST_FILE = YES;
				IPHONEOS_DEPLOYMENT_TARGET = 16.2;
				MARKETING_VERSION = 1.0;
				PRODUCT_BUNDLE_IDENTIFIER = "com.unlimint.UnlimintSDKSwiftUI-DemoTests";
				PRODUCT_NAME = "$(TARGET_NAME)";
				SWIFT_EMIT_LOC_STRINGS = NO;
				SWIFT_VERSION = 5.0;
				TARGETED_DEVICE_FAMILY = "1,2";
				TEST_HOST = "$(BUILT_PRODUCTS_DIR)/UnlimintSDKSwiftUI-Demo.app/$(BUNDLE_EXECUTABLE_FOLDER_PATH)/UnlimintSDKSwiftUI-Demo";
			};
			name = Release;
		};
		B3D9DFC12A2DB66F005E7CEA /* Debug */ = {
			isa = XCBuildConfiguration;
			buildSettings = {
				ALWAYS_EMBED_SWIFT_STANDARD_LIBRARIES = YES;
				CODE_SIGN_STYLE = Automatic;
				CURRENT_PROJECT_VERSION = 1;
				DEVELOPMENT_TEAM = CZRPTJK8H2;
				GENERATE_INFOPLIST_FILE = YES;
				MARKETING_VERSION = 1.0;
				PRODUCT_BUNDLE_IDENTIFIER = "com.unlimint.UnlimintSDKSwiftUI-DemoUITests";
				PRODUCT_NAME = "$(TARGET_NAME)";
				SWIFT_EMIT_LOC_STRINGS = NO;
				SWIFT_VERSION = 5.0;
				TARGETED_DEVICE_FAMILY = "1,2";
				TEST_TARGET_NAME = "UnlimintSDKSwiftUI-Demo";
			};
			name = Debug;
		};
		B3D9DFC22A2DB66F005E7CEA /* Release */ = {
			isa = XCBuildConfiguration;
			buildSettings = {
				ALWAYS_EMBED_SWIFT_STANDARD_LIBRARIES = YES;
				CODE_SIGN_STYLE = Automatic;
				CURRENT_PROJECT_VERSION = 1;
				DEVELOPMENT_TEAM = CZRPTJK8H2;
				GENERATE_INFOPLIST_FILE = YES;
				MARKETING_VERSION = 1.0;
				PRODUCT_BUNDLE_IDENTIFIER = "com.unlimint.UnlimintSDKSwiftUI-DemoUITests";
				PRODUCT_NAME = "$(TARGET_NAME)";
				SWIFT_EMIT_LOC_STRINGS = NO;
				SWIFT_VERSION = 5.0;
				TARGETED_DEVICE_FAMILY = "1,2";
				TEST_TARGET_NAME = "UnlimintSDKSwiftUI-Demo";
			};
			name = Release;
		};
/* End XCBuildConfiguration section */

/* Begin XCConfigurationList section */
		B3D9DF912A2DB66E005E7CEA /* Build configuration list for PBXProject "UnlimintSDKSwiftUI-Demo" */ = {
			isa = XCConfigurationList;
			buildConfigurations = (
				B3D9DFB82A2DB66F005E7CEA /* Debug */,
				B3D9DFB92A2DB66F005E7CEA /* Release */,
			);
			defaultConfigurationIsVisible = 0;
			defaultConfigurationName = Release;
		};
		B3D9DFBA2A2DB66F005E7CEA /* Build configuration list for PBXNativeTarget "UnlimintSDKSwiftUI-Demo" */ = {
			isa = XCConfigurationList;
			buildConfigurations = (
				B3D9DFBB2A2DB66F005E7CEA /* Debug */,
				B3D9DFBC2A2DB66F005E7CEA /* Release */,
			);
			defaultConfigurationIsVisible = 0;
			defaultConfigurationName = Release;
		};
		B3D9DFBD2A2DB66F005E7CEA /* Build configuration list for PBXNativeTarget "UnlimintSDKSwiftUI-DemoTests" */ = {
			isa = XCConfigurationList;
			buildConfigurations = (
				B3D9DFBE2A2DB66F005E7CEA /* Debug */,
				B3D9DFBF2A2DB66F005E7CEA /* Release */,
			);
			defaultConfigurationIsVisible = 0;
			defaultConfigurationName = Release;
		};
		B3D9DFC02A2DB66F005E7CEA /* Build configuration list for PBXNativeTarget "UnlimintSDKSwiftUI-DemoUITests" */ = {
			isa = XCConfigurationList;
			buildConfigurations = (
				B3D9DFC12A2DB66F005E7CEA /* Debug */,
				B3D9DFC22A2DB66F005E7CEA /* Release */,
			);
			defaultConfigurationIsVisible = 0;
			defaultConfigurationName = Release;
		};
/* End XCConfigurationList section */
	};
	rootObject = B3D9DF8E2A2DB66E005E7CEA /* Project object */;
}
