// !$*UTF8*$!
{
	archiveVersion = 1;
	classes = {
	};
	objectVersion = 56;
	objects = {

/* Begin PBXBuildFile section */
		B32CE57C2AE681C00002805F /* Moya.xcframework in Frameworks */ = {isa = PBXBuildFile; fileRef = B32CE5772AE681C00002805F /* Moya.xcframework */; };
		B32CE57D2AE681C00002805F /* Moya.xcframework in Embed Frameworks */ = {isa = PBXBuildFile; fileRef = B32CE5772AE681C00002805F /* Moya.xcframework */; settings = {ATTRIBUTES = (CodeSignOnCopy, RemoveHeadersOnCopy, ); }; };
		B32CE57E2AE681C00002805F /* Swinject.xcframework in Frameworks */ = {isa = PBXBuildFile; fileRef = B32CE5782AE681C00002805F /* Swinject.xcframework */; };
		B32CE57F2AE681C00002805F /* Swinject.xcframework in Embed Frameworks */ = {isa = PBXBuildFile; fileRef = B32CE5782AE681C00002805F /* Swinject.xcframework */; settings = {ATTRIBUTES = (CodeSignOnCopy, RemoveHeadersOnCopy, ); }; };
		B32CE5802AE681C00002805F /* UnlimintSDK_Core.xcframework in Frameworks */ = {isa = PBXBuildFile; fileRef = B32CE5792AE681C00002805F /* UnlimintSDK_Core.xcframework */; };
		B32CE5812AE681C00002805F /* UnlimintSDK_Core.xcframework in Embed Frameworks */ = {isa = PBXBuildFile; fileRef = B32CE5792AE681C00002805F /* UnlimintSDK_Core.xcframework */; settings = {ATTRIBUTES = (CodeSignOnCopy, RemoveHeadersOnCopy, ); }; };
		B32CE5822AE681C00002805F /* UnlimintSDK_SwiftUI.xcframework in Frameworks */ = {isa = PBXBuildFile; fileRef = B32CE57A2AE681C00002805F /* UnlimintSDK_SwiftUI.xcframework */; };
		B32CE5832AE681C00002805F /* UnlimintSDK_SwiftUI.xcframework in Embed Frameworks */ = {isa = PBXBuildFile; fileRef = B32CE57A2AE681C00002805F /* UnlimintSDK_SwiftUI.xcframework */; settings = {ATTRIBUTES = (CodeSignOnCopy, RemoveHeadersOnCopy, ); }; };
		B32CE5842AE681C00002805F /* Alamofire.xcframework in Frameworks */ = {isa = PBXBuildFile; fileRef = B32CE57B2AE681C00002805F /* Alamofire.xcframework */; };
		B32CE5852AE681C00002805F /* Alamofire.xcframework in Embed Frameworks */ = {isa = PBXBuildFile; fileRef = B32CE57B2AE681C00002805F /* Alamofire.xcframework */; settings = {ATTRIBUTES = (CodeSignOnCopy, RemoveHeadersOnCopy, ); }; };
		B32CE5872AE6A0FC0002805F /* README.md in Resources */ = {isa = PBXBuildFile; fileRef = B32CE5862AE6A0FC0002805F /* README.md */; };
		B3CD760F2AE106230067044B /* CarthageDemoTestApp.swift in Sources */ = {isa = PBXBuildFile; fileRef = B3CD760E2AE106230067044B /* CarthageDemoTestApp.swift */; };
		B3CD76112AE106230067044B /* ContentView.swift in Sources */ = {isa = PBXBuildFile; fileRef = B3CD76102AE106230067044B /* ContentView.swift */; };
		B3CD76132AE106240067044B /* Assets.xcassets in Resources */ = {isa = PBXBuildFile; fileRef = B3CD76122AE106240067044B /* Assets.xcassets */; };
		B3CD76162AE106240067044B /* Preview Assets.xcassets in Resources */ = {isa = PBXBuildFile; fileRef = B3CD76152AE106240067044B /* Preview Assets.xcassets */; };
		B3CD76282AE10AC20067044B /* CoreFilesUsed.swift in Sources */ = {isa = PBXBuildFile; fileRef = B3CD76272AE10AC20067044B /* CoreFilesUsed.swift */; };
		B3CD77BD2AE282240067044B /* StatusModel.swift in Sources */ = {isa = PBXBuildFile; fileRef = B3CD77B02AE282240067044B /* StatusModel.swift */; };
		B3CD77BE2AE282240067044B /* CardTokenModel.swift in Sources */ = {isa = PBXBuildFile; fileRef = B3CD77B12AE282240067044B /* CardTokenModel.swift */; };
		B3CD77BF2AE282240067044B /* String.swift in Sources */ = {isa = PBXBuildFile; fileRef = B3CD77B42AE282240067044B /* String.swift */; };
		B3CD77C02AE282240067044B /* Color.swift in Sources */ = {isa = PBXBuildFile; fileRef = B3CD77B52AE282240067044B /* Color.swift */; };
		B3CD77C12AE282240067044B /* HomeViewModel.swift in Sources */ = {isa = PBXBuildFile; fileRef = B3CD77B62AE282240067044B /* HomeViewModel.swift */; };
		B3CD77C22AE282240067044B /* HomeView.swift in Sources */ = {isa = PBXBuildFile; fileRef = B3CD77B72AE282240067044B /* HomeView.swift */; };
		B3CD77C32AE282240067044B /* StatusView.swift in Sources */ = {isa = PBXBuildFile; fileRef = B3CD77B82AE282240067044B /* StatusView.swift */; };
		B3CD77C42AE282240067044B /* Endpoints.swift in Sources */ = {isa = PBXBuildFile; fileRef = B3CD77BA2AE282240067044B /* Endpoints.swift */; };
		B3CD77C52AE282240067044B /* NetworkService.swift in Sources */ = {isa = PBXBuildFile; fileRef = B3CD77BB2AE282240067044B /* NetworkService.swift */; };
		B3CD77C62AE282240067044B /* AuthorizationProvider.swift in Sources */ = {isa = PBXBuildFile; fileRef = B3CD77BC2AE282240067044B /* AuthorizationProvider.swift */; };
/* End PBXBuildFile section */

/* Begin PBXCopyFilesBuildPhase section */
		B3CD77A52AE281900067044B /* Embed Frameworks */ = {
			isa = PBXCopyFilesBuildPhase;
			buildActionMask = 2147483647;
			dstPath = "";
			dstSubfolderSpec = 10;
			files = (
				B32CE5852AE681C00002805F /* Alamofire.xcframework in Embed Frameworks */,
				B32CE57F2AE681C00002805F /* Swinject.xcframework in Embed Frameworks */,
				B32CE5812AE681C00002805F /* UnlimintSDK_Core.xcframework in Embed Frameworks */,
				B32CE5832AE681C00002805F /* UnlimintSDK_SwiftUI.xcframework in Embed Frameworks */,
				B32CE57D2AE681C00002805F /* Moya.xcframework in Embed Frameworks */,
			);
			name = "Embed Frameworks";
			runOnlyForDeploymentPostprocessing = 0;
		};
/* End PBXCopyFilesBuildPhase section */

/* Begin PBXFileReference section */
		B32CE5772AE681C00002805F /* Moya.xcframework */ = {isa = PBXFileReference; lastKnownFileType = wrapper.xcframework; name = Moya.xcframework; path = Carthage/Build/Moya.xcframework; sourceTree = "<group>"; };
		B32CE5782AE681C00002805F /* Swinject.xcframework */ = {isa = PBXFileReference; lastKnownFileType = wrapper.xcframework; name = Swinject.xcframework; path = Carthage/Build/Swinject.xcframework; sourceTree = "<group>"; };
		B32CE5792AE681C00002805F /* UnlimintSDK_Core.xcframework */ = {isa = PBXFileReference; lastKnownFileType = wrapper.xcframework; name = UnlimintSDK_Core.xcframework; path = Carthage/Build/UnlimintSDK_Core.xcframework; sourceTree = "<group>"; };
		B32CE57A2AE681C00002805F /* UnlimintSDK_SwiftUI.xcframework */ = {isa = PBXFileReference; lastKnownFileType = wrapper.xcframework; name = UnlimintSDK_SwiftUI.xcframework; path = Carthage/Build/UnlimintSDK_SwiftUI.xcframework; sourceTree = "<group>"; };
		B32CE57B2AE681C00002805F /* Alamofire.xcframework */ = {isa = PBXFileReference; lastKnownFileType = wrapper.xcframework; name = Alamofire.xcframework; path = Carthage/Build/Alamofire.xcframework; sourceTree = "<group>"; };
		B32CE5862AE6A0FC0002805F /* README.md */ = {isa = PBXFileReference; fileEncoding = 4; lastKnownFileType = net.daringfireball.markdown; path = README.md; sourceTree = "<group>"; };
		B3CD760B2AE106230067044B /* CarthageDemoTest.app */ = {isa = PBXFileReference; explicitFileType = wrapper.application; includeInIndex = 0; path = CarthageDemoTest.app; sourceTree = BUILT_PRODUCTS_DIR; };
		B3CD760E2AE106230067044B /* CarthageDemoTestApp.swift */ = {isa = PBXFileReference; lastKnownFileType = sourcecode.swift; path = CarthageDemoTestApp.swift; sourceTree = "<group>"; };
		B3CD76102AE106230067044B /* ContentView.swift */ = {isa = PBXFileReference; lastKnownFileType = sourcecode.swift; path = ContentView.swift; sourceTree = "<group>"; };
		B3CD76122AE106240067044B /* Assets.xcassets */ = {isa = PBXFileReference; lastKnownFileType = folder.assetcatalog; path = Assets.xcassets; sourceTree = "<group>"; };
		B3CD76152AE106240067044B /* Preview Assets.xcassets */ = {isa = PBXFileReference; lastKnownFileType = folder.assetcatalog; path = "Preview Assets.xcassets"; sourceTree = "<group>"; };
		B3CD76272AE10AC20067044B /* CoreFilesUsed.swift */ = {isa = PBXFileReference; lastKnownFileType = sourcecode.swift; path = CoreFilesUsed.swift; sourceTree = "<group>"; };
		B3CD77B02AE282240067044B /* StatusModel.swift */ = {isa = PBXFileReference; fileEncoding = 4; lastKnownFileType = sourcecode.swift; path = StatusModel.swift; sourceTree = "<group>"; };
		B3CD77B12AE282240067044B /* CardTokenModel.swift */ = {isa = PBXFileReference; fileEncoding = 4; lastKnownFileType = sourcecode.swift; path = CardTokenModel.swift; sourceTree = "<group>"; };
		B3CD77B42AE282240067044B /* String.swift */ = {isa = PBXFileReference; fileEncoding = 4; lastKnownFileType = sourcecode.swift; path = String.swift; sourceTree = "<group>"; };
		B3CD77B52AE282240067044B /* Color.swift */ = {isa = PBXFileReference; fileEncoding = 4; lastKnownFileType = sourcecode.swift; path = Color.swift; sourceTree = "<group>"; };
		B3CD77B62AE282240067044B /* HomeViewModel.swift */ = {isa = PBXFileReference; fileEncoding = 4; lastKnownFileType = sourcecode.swift; path = HomeViewModel.swift; sourceTree = "<group>"; };
		B3CD77B72AE282240067044B /* HomeView.swift */ = {isa = PBXFileReference; fileEncoding = 4; lastKnownFileType = sourcecode.swift; path = HomeView.swift; sourceTree = "<group>"; };
		B3CD77B82AE282240067044B /* StatusView.swift */ = {isa = PBXFileReference; fileEncoding = 4; lastKnownFileType = sourcecode.swift; path = StatusView.swift; sourceTree = "<group>"; };
		B3CD77BA2AE282240067044B /* Endpoints.swift */ = {isa = PBXFileReference; fileEncoding = 4; lastKnownFileType = sourcecode.swift; path = Endpoints.swift; sourceTree = "<group>"; };
		B3CD77BB2AE282240067044B /* NetworkService.swift */ = {isa = PBXFileReference; fileEncoding = 4; lastKnownFileType = sourcecode.swift; path = NetworkService.swift; sourceTree = "<group>"; };
		B3CD77BC2AE282240067044B /* AuthorizationProvider.swift */ = {isa = PBXFileReference; fileEncoding = 4; lastKnownFileType = sourcecode.swift; path = AuthorizationProvider.swift; sourceTree = "<group>"; };
/* End PBXFileReference section */

/* Begin PBXFrameworksBuildPhase section */
		B3CD76082AE106230067044B /* Frameworks */ = {
			isa = PBXFrameworksBuildPhase;
			buildActionMask = 2147483647;
			files = (
				B32CE5842AE681C00002805F /* Alamofire.xcframework in Frameworks */,
				B32CE57E2AE681C00002805F /* Swinject.xcframework in Frameworks */,
				B32CE5802AE681C00002805F /* UnlimintSDK_Core.xcframework in Frameworks */,
				B32CE5822AE681C00002805F /* UnlimintSDK_SwiftUI.xcframework in Frameworks */,
				B32CE57C2AE681C00002805F /* Moya.xcframework in Frameworks */,
			);
			runOnlyForDeploymentPostprocessing = 0;
		};
/* End PBXFrameworksBuildPhase section */

/* Begin PBXGroup section */
		B3CD76022AE106230067044B = {
			isa = PBXGroup;
			children = (
				B32CE5862AE6A0FC0002805F /* README.md */,
				B3CD760D2AE106230067044B /* CarthageDemoTest */,
				B3CD760C2AE106230067044B /* Products */,
				B3CD761C2AE10A1A0067044B /* Frameworks */,
			);
			sourceTree = "<group>";
		};
		B3CD760C2AE106230067044B /* Products */ = {
			isa = PBXGroup;
			children = (
				B3CD760B2AE106230067044B /* CarthageDemoTest.app */,
			);
			name = Products;
			sourceTree = "<group>";
		};
		B3CD760D2AE106230067044B /* CarthageDemoTest */ = {
			isa = PBXGroup;
			children = (
				B3CD77AF2AE282240067044B /* Model */,
				B3CD77B92AE282240067044B /* Network */,
				B3CD77B22AE282240067044B /* View */,
				B3CD760E2AE106230067044B /* CarthageDemoTestApp.swift */,
				B3CD76102AE106230067044B /* ContentView.swift */,
				B3CD76272AE10AC20067044B /* CoreFilesUsed.swift */,
				B3CD76122AE106240067044B /* Assets.xcassets */,
				B3CD76142AE106240067044B /* Preview Content */,
			);
			path = CarthageDemoTest;
			sourceTree = "<group>";
		};
		B3CD76142AE106240067044B /* Preview Content */ = {
			isa = PBXGroup;
			children = (
				B3CD76152AE106240067044B /* Preview Assets.xcassets */,
			);
			path = "Preview Content";
			sourceTree = "<group>";
		};
		B3CD761C2AE10A1A0067044B /* Frameworks */ = {
			isa = PBXGroup;
			children = (
				B32CE57B2AE681C00002805F /* Alamofire.xcframework */,
				B32CE5772AE681C00002805F /* Moya.xcframework */,
				B32CE5782AE681C00002805F /* Swinject.xcframework */,
				B32CE5792AE681C00002805F /* UnlimintSDK_Core.xcframework */,
				B32CE57A2AE681C00002805F /* UnlimintSDK_SwiftUI.xcframework */,
			);
			name = Frameworks;
			sourceTree = "<group>";
		};
		B3CD77AF2AE282240067044B /* Model */ = {
			isa = PBXGroup;
			children = (
				B3CD77B02AE282240067044B /* StatusModel.swift */,
				B3CD77B12AE282240067044B /* CardTokenModel.swift */,
			);
			path = Model;
			sourceTree = "<group>";
		};
		B3CD77B22AE282240067044B /* View */ = {
			isa = PBXGroup;
			children = (
				B3CD77B32AE282240067044B /* Extension */,
				B3CD77B62AE282240067044B /* HomeViewModel.swift */,
				B3CD77B72AE282240067044B /* HomeView.swift */,
				B3CD77B82AE282240067044B /* StatusView.swift */,
			);
			path = View;
			sourceTree = "<group>";
		};
		B3CD77B32AE282240067044B /* Extension */ = {
			isa = PBXGroup;
			children = (
				B3CD77B42AE282240067044B /* String.swift */,
				B3CD77B52AE282240067044B /* Color.swift */,
			);
			path = Extension;
			sourceTree = "<group>";
		};
		B3CD77B92AE282240067044B /* Network */ = {
			isa = PBXGroup;
			children = (
				B3CD77BA2AE282240067044B /* Endpoints.swift */,
				B3CD77BB2AE282240067044B /* NetworkService.swift */,
				B3CD77BC2AE282240067044B /* AuthorizationProvider.swift */,
			);
			path = Network;
			sourceTree = "<group>";
		};
/* End PBXGroup section */

/* Begin PBXNativeTarget section */
		B3CD760A2AE106230067044B /* CarthageDemoTest */ = {
			isa = PBXNativeTarget;
			buildConfigurationList = B3CD76192AE106240067044B /* Build configuration list for PBXNativeTarget "CarthageDemoTest" */;
			buildPhases = (
				B3CD76072AE106230067044B /* Sources */,
				B3CD76082AE106230067044B /* Frameworks */,
				B3CD76092AE106230067044B /* Resources */,
				B3CD77A52AE281900067044B /* Embed Frameworks */,
			);
			buildRules = (
			);
			dependencies = (
			);
			name = CarthageDemoTest;
			productName = CarthageDemoTest;
			productReference = B3CD760B2AE106230067044B /* CarthageDemoTest.app */;
			productType = "com.apple.product-type.application";
		};
/* End PBXNativeTarget section */

/* Begin PBXProject section */
		B3CD76032AE106230067044B /* Project object */ = {
			isa = PBXProject;
			attributes = {
				BuildIndependentTargetsInParallel = 1;
				LastSwiftUpdateCheck = 1500;
				LastUpgradeCheck = 1500;
				TargetAttributes = {
					B3CD760A2AE106230067044B = {
						CreatedOnToolsVersion = 15.0;
					};
				};
			};
			buildConfigurationList = B3CD76062AE106230067044B /* Build configuration list for PBXProject "CarthageDemoTest" */;
			compatibilityVersion = "Xcode 14.0";
			developmentRegion = en;
			hasScannedForEncodings = 0;
			knownRegions = (
				en,
				Base,
			);
			mainGroup = B3CD76022AE106230067044B;
			productRefGroup = B3CD760C2AE106230067044B /* Products */;
			projectDirPath = "";
			projectRoot = "";
			targets = (
				B3CD760A2AE106230067044B /* CarthageDemoTest */,
			);
		};
/* End PBXProject section */

/* Begin PBXResourcesBuildPhase section */
		B3CD76092AE106230067044B /* Resources */ = {
			isa = PBXResourcesBuildPhase;
			buildActionMask = 2147483647;
			files = (
				B32CE5872AE6A0FC0002805F /* README.md in Resources */,
				B3CD76162AE106240067044B /* Preview Assets.xcassets in Resources */,
				B3CD76132AE106240067044B /* Assets.xcassets in Resources */,
			);
			runOnlyForDeploymentPostprocessing = 0;
		};
/* End PBXResourcesBuildPhase section */

/* Begin PBXSourcesBuildPhase section */
		B3CD76072AE106230067044B /* Sources */ = {
			isa = PBXSourcesBuildPhase;
			buildActionMask = 2147483647;
			files = (
				B3CD77C22AE282240067044B /* HomeView.swift in Sources */,
				B3CD77BF2AE282240067044B /* String.swift in Sources */,
				B3CD76112AE106230067044B /* ContentView.swift in Sources */,
				B3CD77C02AE282240067044B /* Color.swift in Sources */,
				B3CD77C62AE282240067044B /* AuthorizationProvider.swift in Sources */,
				B3CD77C32AE282240067044B /* StatusView.swift in Sources */,
				B3CD77C12AE282240067044B /* HomeViewModel.swift in Sources */,
				B3CD77BD2AE282240067044B /* StatusModel.swift in Sources */,
				B3CD77BE2AE282240067044B /* CardTokenModel.swift in Sources */,
				B3CD76282AE10AC20067044B /* CoreFilesUsed.swift in Sources */,
				B3CD760F2AE106230067044B /* CarthageDemoTestApp.swift in Sources */,
				B3CD77C52AE282240067044B /* NetworkService.swift in Sources */,
				B3CD77C42AE282240067044B /* Endpoints.swift in Sources */,
			);
			runOnlyForDeploymentPostprocessing = 0;
		};
/* End PBXSourcesBuildPhase section */

/* Begin XCBuildConfiguration section */
		B3CD76172AE106240067044B /* Debug */ = {
			isa = XCBuildConfiguration;
			buildSettings = {
				ALWAYS_SEARCH_USER_PATHS = NO;
				ASSETCATALOG_COMPILER_GENERATE_SWIFT_ASSET_SYMBOL_EXTENSIONS = YES;
				CLANG_ANALYZER_NONNULL = YES;
				CLANG_ANALYZER_NUMBER_OBJECT_CONVERSION = YES_AGGRESSIVE;
				CLANG_CXX_LANGUAGE_STANDARD = "gnu++20";
				CLANG_ENABLE_MODULES = YES;
				CLANG_ENABLE_OBJC_ARC = YES;
				CLANG_ENABLE_OBJC_WEAK = YES;
				CLANG_WARN_BLOCK_CAPTURE_AUTORELEASING = YES;
				CLANG_WARN_BOOL_CONVERSION = YES;
				CLANG_WARN_COMMA = YES;
				CLANG_WARN_CONSTANT_CONVERSION = YES;
				CLANG_WARN_DEPRECATED_OBJC_IMPLEMENTATIONS = YES;
				CLANG_WARN_DIRECT_OBJC_ISA_USAGE = YES_ERROR;
				CLANG_WARN_DOCUMENTATION_COMMENTS = YES;
				CLANG_WARN_EMPTY_BODY = YES;
				CLANG_WARN_ENUM_CONVERSION = YES;
				CLANG_WARN_INFINITE_RECURSION = YES;
				CLANG_WARN_INT_CONVERSION = YES;
				CLANG_WARN_NON_LITERAL_NULL_CONVERSION = YES;
				CLANG_WARN_OBJC_IMPLICIT_RETAIN_SELF = YES;
				CLANG_WARN_OBJC_LITERAL_CONVERSION = YES;
				CLANG_WARN_OBJC_ROOT_CLASS = YES_ERROR;
				CLANG_WARN_QUOTED_INCLUDE_IN_FRAMEWORK_HEADER = YES;
				CLANG_WARN_RANGE_LOOP_ANALYSIS = YES;
				CLANG_WARN_STRICT_PROTOTYPES = YES;
				CLANG_WARN_SUSPICIOUS_MOVE = YES;
				CLANG_WARN_UNGUARDED_AVAILABILITY = YES_AGGRESSIVE;
				CLANG_WARN_UNREACHABLE_CODE = YES;
				CLANG_WARN__DUPLICATE_METHOD_MATCH = YES;
				COPY_PHASE_STRIP = NO;
				DEBUG_INFORMATION_FORMAT = dwarf;
				ENABLE_STRICT_OBJC_MSGSEND = YES;
				ENABLE_TESTABILITY = YES;
				ENABLE_USER_SCRIPT_SANDBOXING = YES;
				GCC_C_LANGUAGE_STANDARD = gnu17;
				GCC_DYNAMIC_NO_PIC = NO;
				GCC_NO_COMMON_BLOCKS = YES;
				GCC_OPTIMIZATION_LEVEL = 0;
				GCC_PREPROCESSOR_DEFINITIONS = (
					"DEBUG=1",
					"$(inherited)",
				);
				GCC_WARN_64_TO_32_BIT_CONVERSION = YES;
				GCC_WARN_ABOUT_RETURN_TYPE = YES_ERROR;
				GCC_WARN_UNDECLARED_SELECTOR = YES;
				GCC_WARN_UNINITIALIZED_AUTOS = YES_AGGRESSIVE;
				GCC_WARN_UNUSED_FUNCTION = YES;
				GCC_WARN_UNUSED_VARIABLE = YES;
				IPHONEOS_DEPLOYMENT_TARGET = 17.0;
				LOCALIZATION_PREFERS_STRING_CATALOGS = YES;
				MTL_ENABLE_DEBUG_INFO = INCLUDE_SOURCE;
				MTL_FAST_MATH = YES;
				ONLY_ACTIVE_ARCH = YES;
				SDKROOT = iphoneos;
				SWIFT_ACTIVE_COMPILATION_CONDITIONS = "DEBUG $(inherited)";
				SWIFT_OPTIMIZATION_LEVEL = "-Onone";
			};
			name = Debug;
		};
		B3CD76182AE106240067044B /* Release */ = {
			isa = XCBuildConfiguration;
			buildSettings = {
				ALWAYS_SEARCH_USER_PATHS = NO;
				ASSETCATALOG_COMPILER_GENERATE_SWIFT_ASSET_SYMBOL_EXTENSIONS = YES;
				CLANG_ANALYZER_NONNULL = YES;
				CLANG_ANALYZER_NUMBER_OBJECT_CONVERSION = YES_AGGRESSIVE;
				CLANG_CXX_LANGUAGE_STANDARD = "gnu++20";
				CLANG_ENABLE_MODULES = YES;
				CLANG_ENABLE_OBJC_ARC = YES;
				CLANG_ENABLE_OBJC_WEAK = YES;
				CLANG_WARN_BLOCK_CAPTURE_AUTORELEASING = YES;
				CLANG_WARN_BOOL_CONVERSION = YES;
				CLANG_WARN_COMMA = YES;
				CLANG_WARN_CONSTANT_CONVERSION = YES;
				CLANG_WARN_DEPRECATED_OBJC_IMPLEMENTATIONS = YES;
				CLANG_WARN_DIRECT_OBJC_ISA_USAGE = YES_ERROR;
				CLANG_WARN_DOCUMENTATION_COMMENTS = YES;
				CLANG_WARN_EMPTY_BODY = YES;
				CLANG_WARN_ENUM_CONVERSION = YES;
				CLANG_WARN_INFINITE_RECURSION = YES;
				CLANG_WARN_INT_CONVERSION = YES;
				CLANG_WARN_NON_LITERAL_NULL_CONVERSION = YES;
				CLANG_WARN_OBJC_IMPLICIT_RETAIN_SELF = YES;
				CLANG_WARN_OBJC_LITERAL_CONVERSION = YES;
				CLANG_WARN_OBJC_ROOT_CLASS = YES_ERROR;
				CLANG_WARN_QUOTED_INCLUDE_IN_FRAMEWORK_HEADER = YES;
				CLANG_WARN_RANGE_LOOP_ANALYSIS = YES;
				CLANG_WARN_STRICT_PROTOTYPES = YES;
				CLANG_WARN_SUSPICIOUS_MOVE = YES;
				CLANG_WARN_UNGUARDED_AVAILABILITY = YES_AGGRESSIVE;
				CLANG_WARN_UNREACHABLE_CODE = YES;
				CLANG_WARN__DUPLICATE_METHOD_MATCH = YES;
				COPY_PHASE_STRIP = NO;
				DEBUG_INFORMATION_FORMAT = "dwarf-with-dsym";
				ENABLE_NS_ASSERTIONS = NO;
				ENABLE_STRICT_OBJC_MSGSEND = YES;
				ENABLE_USER_SCRIPT_SANDBOXING = YES;
				GCC_C_LANGUAGE_STANDARD = gnu17;
				GCC_NO_COMMON_BLOCKS = YES;
				GCC_WARN_64_TO_32_BIT_CONVERSION = YES;
				GCC_WARN_ABOUT_RETURN_TYPE = YES_ERROR;
				GCC_WARN_UNDECLARED_SELECTOR = YES;
				GCC_WARN_UNINITIALIZED_AUTOS = YES_AGGRESSIVE;
				GCC_WARN_UNUSED_FUNCTION = YES;
				GCC_WARN_UNUSED_VARIABLE = YES;
				IPHONEOS_DEPLOYMENT_TARGET = 17.0;
				LOCALIZATION_PREFERS_STRING_CATALOGS = YES;
				MTL_ENABLE_DEBUG_INFO = NO;
				MTL_FAST_MATH = YES;
				SDKROOT = iphoneos;
				SWIFT_COMPILATION_MODE = wholemodule;
				VALIDATE_PRODUCT = YES;
			};
			name = Release;
		};
		B3CD761A2AE106240067044B /* Debug */ = {
			isa = XCBuildConfiguration;
			buildSettings = {
				ASSETCATALOG_COMPILER_APPICON_NAME = AppIcon;
				ASSETCATALOG_COMPILER_GLOBAL_ACCENT_COLOR_NAME = AccentColor;
				CODE_SIGN_STYLE = Automatic;
				CURRENT_PROJECT_VERSION = 1;
				DEVELOPMENT_ASSET_PATHS = "CarthageDemoTest/Preview\\ Content";
				DEVELOPMENT_TEAM = 249S37UR93;
				ENABLE_PREVIEWS = YES;
				GENERATE_INFOPLIST_FILE = YES;
				INFOPLIST_KEY_UIApplicationSceneManifest_Generation = YES;
				INFOPLIST_KEY_UIApplicationSupportsIndirectInputEvents = YES;
				INFOPLIST_KEY_UILaunchScreen_Generation = YES;
				INFOPLIST_KEY_UISupportedInterfaceOrientations_iPad = "UIInterfaceOrientationPortrait UIInterfaceOrientationPortraitUpsideDown UIInterfaceOrientationLandscapeLeft UIInterfaceOrientationLandscapeRight";
				INFOPLIST_KEY_UISupportedInterfaceOrientations_iPhone = "UIInterfaceOrientationPortrait UIInterfaceOrientationLandscapeLeft UIInterfaceOrientationLandscapeRight";
				LD_RUNPATH_SEARCH_PATHS = (
					"$(inherited)",
					"@executable_path/Frameworks",
				);
				MARKETING_VERSION = 1.0;
				PRODUCT_BUNDLE_IDENTIFIER = com.unlimint.CarthageDemoTest;
				PRODUCT_NAME = "$(TARGET_NAME)";
				SWIFT_EMIT_LOC_STRINGS = YES;
				SWIFT_VERSION = 5.0;
				TARGETED_DEVICE_FAMILY = "1,2";
			};
			name = Debug;
		};
		B3CD761B2AE106240067044B /* Release */ = {
			isa = XCBuildConfiguration;
			buildSettings = {
				ASSETCATALOG_COMPILER_APPICON_NAME = AppIcon;
				ASSETCATALOG_COMPILER_GLOBAL_ACCENT_COLOR_NAME = AccentColor;
				CODE_SIGN_STYLE = Automatic;
				CURRENT_PROJECT_VERSION = 1;
				DEVELOPMENT_ASSET_PATHS = "CarthageDemoTest/Preview\\ Content";
				DEVELOPMENT_TEAM = 249S37UR93;
				ENABLE_PREVIEWS = YES;
				GENERATE_INFOPLIST_FILE = YES;
				INFOPLIST_KEY_UIApplicationSceneManifest_Generation = YES;
				INFOPLIST_KEY_UIApplicationSupportsIndirectInputEvents = YES;
				INFOPLIST_KEY_UILaunchScreen_Generation = YES;
				INFOPLIST_KEY_UISupportedInterfaceOrientations_iPad = "UIInterfaceOrientationPortrait UIInterfaceOrientationPortraitUpsideDown UIInterfaceOrientationLandscapeLeft UIInterfaceOrientationLandscapeRight";
				INFOPLIST_KEY_UISupportedInterfaceOrientations_iPhone = "UIInterfaceOrientationPortrait UIInterfaceOrientationLandscapeLeft UIInterfaceOrientationLandscapeRight";
				LD_RUNPATH_SEARCH_PATHS = (
					"$(inherited)",
					"@executable_path/Frameworks",
				);
				MARKETING_VERSION = 1.0;
				PRODUCT_BUNDLE_IDENTIFIER = com.unlimint.CarthageDemoTest;
				PRODUCT_NAME = "$(TARGET_NAME)";
				SWIFT_EMIT_LOC_STRINGS = YES;
				SWIFT_VERSION = 5.0;
				TARGETED_DEVICE_FAMILY = "1,2";
			};
			name = Release;
		};
/* End XCBuildConfiguration section */

/* Begin XCConfigurationList section */
		B3CD76062AE106230067044B /* Build configuration list for PBXProject "CarthageDemoTest" */ = {
			isa = XCConfigurationList;
			buildConfigurations = (
				B3CD76172AE106240067044B /* Debug */,
				B3CD76182AE106240067044B /* Release */,
			);
			defaultConfigurationIsVisible = 0;
			defaultConfigurationName = Release;
		};
		B3CD76192AE106240067044B /* Build configuration list for PBXNativeTarget "CarthageDemoTest" */ = {
			isa = XCConfigurationList;
			buildConfigurations = (
				B3CD761A2AE106240067044B /* Debug */,
				B3CD761B2AE106240067044B /* Release */,
			);
			defaultConfigurationIsVisible = 0;
			defaultConfigurationName = Release;
		};
/* End XCConfigurationList section */
	};
	rootObject = B3CD76032AE106230067044B /* Project object */;
}
